// !$*UTF8*$!
{
	archiveVersion = 1;
	classes = {
	};
	objectVersion = 56;
	objects = {

/* Begin PBXBuildFile section */
		EF1CCB5A2A9670F100EC4C03 /* AppDelegate.swift in Sources */ = {isa = PBXBuildFile; fileRef = EF1CCB592A9670F100EC4C03 /* AppDelegate.swift */; };
		EF1CCB5C2A9670F100EC4C03 /* SceneDelegate.swift in Sources */ = {isa = PBXBuildFile; fileRef = EF1CCB5B2A9670F100EC4C03 /* SceneDelegate.swift */; };
		EF1CCB632A9670F200EC4C03 /* Assets.xcassets in Resources */ = {isa = PBXBuildFile; fileRef = EF1CCB622A9670F200EC4C03 /* Assets.xcassets */; };
		EF1CCB662A9670F200EC4C03 /* LaunchScreen.storyboard in Resources */ = {isa = PBXBuildFile; fileRef = EF1CCB642A9670F200EC4C03 /* LaunchScreen.storyboard */; };
		EF1CCB792A9672F900EC4C03 /* HomeViewController.swift in Sources */ = {isa = PBXBuildFile; fileRef = EF1CCB782A9672F900EC4C03 /* HomeViewController.swift */; };
		EF1CCB7B2A96739100EC4C03 /* HomeInteractor.swift in Sources */ = {isa = PBXBuildFile; fileRef = EF1CCB7A2A96739100EC4C03 /* HomeInteractor.swift */; };
		EF1CCB7D2A96739800EC4C03 /* HomePresenter.swift in Sources */ = {isa = PBXBuildFile; fileRef = EF1CCB7C2A96739800EC4C03 /* HomePresenter.swift */; };
		EF1CCB832A9673E200EC4C03 /* HomeRouter.swift in Sources */ = {isa = PBXBuildFile; fileRef = EF1CCB822A9673E200EC4C03 /* HomeRouter.swift */; };
		EF1CCB862A9682CF00EC4C03 /* +CGFloat.swift in Sources */ = {isa = PBXBuildFile; fileRef = EF1CCB852A9682CF00EC4C03 /* +CGFloat.swift */; };
		EF1CCB882A9682E800EC4C03 /* +Cells.swift in Sources */ = {isa = PBXBuildFile; fileRef = EF1CCB872A9682E800EC4C03 /* +Cells.swift */; };
		EF1CCB922A9686FD00EC4C03 /* TrendingUIView.swift in Sources */ = {isa = PBXBuildFile; fileRef = EF1CCB912A9686FD00EC4C03 /* TrendingUIView.swift */; };
		EF1CCB952A96894B00EC4C03 /* TrendingCollectionViewCell.swift in Sources */ = {isa = PBXBuildFile; fileRef = EF1CCB942A96894B00EC4C03 /* TrendingCollectionViewCell.swift */; };
		EF1CCB972A968EFF00EC4C03 /* TabBarController.swift in Sources */ = {isa = PBXBuildFile; fileRef = EF1CCB962A968EFF00EC4C03 /* TabBarController.swift */; };
		EF1CCBA02A96900E00EC4C03 /* MoviesViewController.swift in Sources */ = {isa = PBXBuildFile; fileRef = EF1CCB9F2A96900E00EC4C03 /* MoviesViewController.swift */; };
		EF1CCBA62A96903000EC4C03 /* ProfileViewController.swift in Sources */ = {isa = PBXBuildFile; fileRef = EF1CCBA52A96903000EC4C03 /* ProfileViewController.swift */; };
		EF1CCBA82A96907200EC4C03 /* MoviesInteractor.swift in Sources */ = {isa = PBXBuildFile; fileRef = EF1CCBA72A96907200EC4C03 /* MoviesInteractor.swift */; };
		EF1CCBAA2A96907E00EC4C03 /* MoviesPresenter.swift in Sources */ = {isa = PBXBuildFile; fileRef = EF1CCBA92A96907E00EC4C03 /* MoviesPresenter.swift */; };
		EF1CCBAC2A96908700EC4C03 /* MoviesRouter.swift in Sources */ = {isa = PBXBuildFile; fileRef = EF1CCBAB2A96908700EC4C03 /* MoviesRouter.swift */; };
		EF1CCBAE2A96909100EC4C03 /* ProfileInteractor.swift in Sources */ = {isa = PBXBuildFile; fileRef = EF1CCBAD2A96909100EC4C03 /* ProfileInteractor.swift */; };
		EF1CCBB02A96909D00EC4C03 /* ProfilePresenter.swift in Sources */ = {isa = PBXBuildFile; fileRef = EF1CCBAF2A96909D00EC4C03 /* ProfilePresenter.swift */; };
		EF1CCBB22A9690A700EC4C03 /* ProfileRouter.swift in Sources */ = {isa = PBXBuildFile; fileRef = EF1CCBB12A9690A700EC4C03 /* ProfileRouter.swift */; };
		EF1CCBBB2A98096100EC4C03 /* +TabBarController.swift in Sources */ = {isa = PBXBuildFile; fileRef = EF1CCBBA2A98096100EC4C03 /* +TabBarController.swift */; };
		EF1CCBBD2A98098F00EC4C03 /* EndPointProtocol.swift in Sources */ = {isa = PBXBuildFile; fileRef = EF1CCBBC2A98098F00EC4C03 /* EndPointProtocol.swift */; };
		EF1CCBBF2A9809AD00EC4C03 /* NetworkManager.swift in Sources */ = {isa = PBXBuildFile; fileRef = EF1CCBBE2A9809AD00EC4C03 /* NetworkManager.swift */; };
		EF1CCBC22A9809F600EC4C03 /* NetworkError.swift in Sources */ = {isa = PBXBuildFile; fileRef = EF1CCBC12A9809F600EC4C03 /* NetworkError.swift */; };
		EF1CCBC42A980A0900EC4C03 /* HTTPMethod.swift in Sources */ = {isa = PBXBuildFile; fileRef = EF1CCBC32A980A0900EC4C03 /* HTTPMethod.swift */; };
		EF1CCBC92A9814E700EC4C03 /* LoginRouter.swift in Sources */ = {isa = PBXBuildFile; fileRef = EF1CCBC82A9814E700EC4C03 /* LoginRouter.swift */; };
		EF1CCBCB2A9814F600EC4C03 /* LoginPresenter.swift in Sources */ = {isa = PBXBuildFile; fileRef = EF1CCBCA2A9814F600EC4C03 /* LoginPresenter.swift */; };
		EF1CCBCD2A98150400EC4C03 /* LoginInteractor.swift in Sources */ = {isa = PBXBuildFile; fileRef = EF1CCBCC2A98150400EC4C03 /* LoginInteractor.swift */; };
		EF1CCBD02A98151300EC4C03 /* LoginViewController.swift in Sources */ = {isa = PBXBuildFile; fileRef = EF1CCBCF2A98151300EC4C03 /* LoginViewController.swift */; };
		EF1CCBD62A98161200EC4C03 /* LoginUIView.swift in Sources */ = {isa = PBXBuildFile; fileRef = EF1CCBD52A98161200EC4C03 /* LoginUIView.swift */; };
		EF37BAE42A9B7AC700291E72 /* SDWebImage in Frameworks */ = {isa = PBXBuildFile; productRef = EF37BAE32A9B7AC700291E72 /* SDWebImage */; };
		EF50C67D2AA778590054CACB /* DetailViewController.swift in Sources */ = {isa = PBXBuildFile; fileRef = EF50C67C2AA778590054CACB /* DetailViewController.swift */; };
		EF50C67F2AA778610054CACB /* DetailPresenter.swift in Sources */ = {isa = PBXBuildFile; fileRef = EF50C67E2AA778610054CACB /* DetailPresenter.swift */; };
		EF50C6812AA778690054CACB /* DetailInteractor.swift in Sources */ = {isa = PBXBuildFile; fileRef = EF50C6802AA778690054CACB /* DetailInteractor.swift */; };
		EF50C6832AA778700054CACB /* DetailRouter.swift in Sources */ = {isa = PBXBuildFile; fileRef = EF50C6822AA778700054CACB /* DetailRouter.swift */; };
		EF50C6852AA77AD80054CACB /* DetailUIView.swift in Sources */ = {isa = PBXBuildFile; fileRef = EF50C6842AA77AD80054CACB /* DetailUIView.swift */; };
		EF542F772AA12A6A0079286A /* FavoritesViewController.swift in Sources */ = {isa = PBXBuildFile; fileRef = EF542F762AA12A6A0079286A /* FavoritesViewController.swift */; };
		EF542F792AA12A740079286A /* FavoritesInteractor.swift in Sources */ = {isa = PBXBuildFile; fileRef = EF542F782AA12A740079286A /* FavoritesInteractor.swift */; };
		EF542F7B2AA12A7F0079286A /* FavoritesPresenter.swift in Sources */ = {isa = PBXBuildFile; fileRef = EF542F7A2AA12A7F0079286A /* FavoritesPresenter.swift */; };
		EF542F7D2AA12A890079286A /* FavoritesRouter.swift in Sources */ = {isa = PBXBuildFile; fileRef = EF542F7C2AA12A890079286A /* FavoritesRouter.swift */; };
		EF542F7F2AA12EB50079286A /* FavoritesMoviesUIView.swift in Sources */ = {isa = PBXBuildFile; fileRef = EF542F7E2AA12EB50079286A /* FavoritesMoviesUIView.swift */; };
		EF542F832AA130390079286A /* FavoritesTableViewCell.swift in Sources */ = {isa = PBXBuildFile; fileRef = EF542F822AA130390079286A /* FavoritesTableViewCell.swift */; };
		EF57ECA42AA8CDAF00DD7706 /* TrailerModel.swift in Sources */ = {isa = PBXBuildFile; fileRef = EF57ECA32AA8CDAF00DD7706 /* TrailerModel.swift */; };
		EF57ECA62AA8E54700DD7706 /* MovieAndTrailerModel.swift in Sources */ = {isa = PBXBuildFile; fileRef = EF57ECA52AA8E54700DD7706 /* MovieAndTrailerModel.swift */; };
		EF57ECA82AA90D4B00DD7706 /* GoogleService-Info.plist in Resources */ = {isa = PBXBuildFile; fileRef = EF57ECA72AA90D4B00DD7706 /* GoogleService-Info.plist */; };
		EF5A77A92AA0A708009C2078 /* ProfileEntity.swift in Sources */ = {isa = PBXBuildFile; fileRef = EF5A77A82AA0A708009C2078 /* ProfileEntity.swift */; };
		EF5A77AB2AA0B250009C2078 /* UserInfoUIView.swift in Sources */ = {isa = PBXBuildFile; fileRef = EF5A77AA2AA0B250009C2078 /* UserInfoUIView.swift */; };
		EF5A77AD2AA0B273009C2078 /* ProfileItemUIView.swift in Sources */ = {isa = PBXBuildFile; fileRef = EF5A77AC2AA0B273009C2078 /* ProfileItemUIView.swift */; };
		EF5A77AF2AA0B3AC009C2078 /* ProfileItemTableViewCell.swift in Sources */ = {isa = PBXBuildFile; fileRef = EF5A77AE2AA0B3AC009C2078 /* ProfileItemTableViewCell.swift */; };
		EF5A77B32AA0FD85009C2078 /* CustomNavBarUIView.swift in Sources */ = {isa = PBXBuildFile; fileRef = EF5A77B22AA0FD85009C2078 /* CustomNavBarUIView.swift */; };
		EF7207BB2A98EDA800DFD466 /* +TextField.swift in Sources */ = {isa = PBXBuildFile; fileRef = EF7207BA2A98EDA800DFD466 /* +TextField.swift */; };
		EF7207BD2A98FA8F00DFD466 /* TabBarInteractor.swift in Sources */ = {isa = PBXBuildFile; fileRef = EF7207BC2A98FA8F00DFD466 /* TabBarInteractor.swift */; };
		EF7207BF2A98FA9700DFD466 /* TabBarPresenter.swift in Sources */ = {isa = PBXBuildFile; fileRef = EF7207BE2A98FA9700DFD466 /* TabBarPresenter.swift */; };
		EF7207C12A98FAA000DFD466 /* TabBarRouter.swift in Sources */ = {isa = PBXBuildFile; fileRef = EF7207C02A98FAA000DFD466 /* TabBarRouter.swift */; };
		EF7207C62A99012C00DFD466 /* FirebaseAuth in Frameworks */ = {isa = PBXBuildFile; productRef = EF7207C52A99012C00DFD466 /* FirebaseAuth */; };
		EF7207C82A99012C00DFD466 /* FirebaseDatabase in Frameworks */ = {isa = PBXBuildFile; productRef = EF7207C72A99012C00DFD466 /* FirebaseDatabase */; };
		EF7207CA2A99012C00DFD466 /* FirebaseFirestore in Frameworks */ = {isa = PBXBuildFile; productRef = EF7207C92A99012C00DFD466 /* FirebaseFirestore */; };
		EF7207CC2A99012C00DFD466 /* FirebaseStorage in Frameworks */ = {isa = PBXBuildFile; productRef = EF7207CB2A99012C00DFD466 /* FirebaseStorage */; };
		EF7207CE2A99021700DFD466 /* AuthManager.swift in Sources */ = {isa = PBXBuildFile; fileRef = EF7207CD2A99021700DFD466 /* AuthManager.swift */; };
		EF7207D12A99023A00DFD466 /* GoogleSignIn in Frameworks */ = {isa = PBXBuildFile; productRef = EF7207D02A99023A00DFD466 /* GoogleSignIn */; };
		EF7207D32A99023A00DFD466 /* GoogleSignInSwift in Frameworks */ = {isa = PBXBuildFile; productRef = EF7207D22A99023A00DFD466 /* GoogleSignInSwift */; };
		EF7207D52A99025E00DFD466 /* FirebaseError.swift in Sources */ = {isa = PBXBuildFile; fileRef = EF7207D42A99025E00DFD466 /* FirebaseError.swift */; };
		EF7207D72A9902A600DFD466 /* GeneralError.swift in Sources */ = {isa = PBXBuildFile; fileRef = EF7207D62A9902A600DFD466 /* GeneralError.swift */; };
		EF7207DE2A9B4A2400DFD466 /* SignUpViewController.swift in Sources */ = {isa = PBXBuildFile; fileRef = EF7207DD2A9B4A2400DFD466 /* SignUpViewController.swift */; };
		EF7207E02A9B4A3800DFD466 /* SignUpInteractor.swift in Sources */ = {isa = PBXBuildFile; fileRef = EF7207DF2A9B4A3800DFD466 /* SignUpInteractor.swift */; };
		EF7207E22A9B4A4100DFD466 /* SignUpPresenter.swift in Sources */ = {isa = PBXBuildFile; fileRef = EF7207E12A9B4A4100DFD466 /* SignUpPresenter.swift */; };
		EF7207E42A9B4A4E00DFD466 /* SignUpRouter.swift in Sources */ = {isa = PBXBuildFile; fileRef = EF7207E32A9B4A4E00DFD466 /* SignUpRouter.swift */; };
		EF7207E62A9B4F2100DFD466 /* SignUpUIView.swift in Sources */ = {isa = PBXBuildFile; fileRef = EF7207E52A9B4F2100DFD466 /* SignUpUIView.swift */; };
		EF7207E92A9B5DE100DFD466 /* UserInfoManager.swift in Sources */ = {isa = PBXBuildFile; fileRef = EF7207E82A9B5DE100DFD466 /* UserInfoManager.swift */; };
		EF7207F02A9B639600DFD466 /* MoviesService.swift in Sources */ = {isa = PBXBuildFile; fileRef = EF7207EF2A9B639600DFD466 /* MoviesService.swift */; };
		EF7207F22A9B63A000DFD466 /* MoviesEndPoint.swift in Sources */ = {isa = PBXBuildFile; fileRef = EF7207F12A9B63A000DFD466 /* MoviesEndPoint.swift */; };
		EF7207F42A9B63E800DFD466 /* MovieModel.swift in Sources */ = {isa = PBXBuildFile; fileRef = EF7207F32A9B63E800DFD466 /* MovieModel.swift */; };
		EFA9D9E22A9E3D7000CC9B52 /* MoviesUIView.swift in Sources */ = {isa = PBXBuildFile; fileRef = EFA9D9E12A9E3D7000CC9B52 /* MoviesUIView.swift */; };
		EFA9D9E42A9E492600CC9B52 /* MoviesEntity.swift in Sources */ = {isa = PBXBuildFile; fileRef = EFA9D9E32A9E492600CC9B52 /* MoviesEntity.swift */; };
		EFA9D9E62A9E50B500CC9B52 /* SearchCollectionViewCell.swift in Sources */ = {isa = PBXBuildFile; fileRef = EFA9D9E52A9E50B500CC9B52 /* SearchCollectionViewCell.swift */; };
		EFA9D9E82A9E50BF00CC9B52 /* MoviesCollectionViewCell.swift in Sources */ = {isa = PBXBuildFile; fileRef = EFA9D9E72A9E50BF00CC9B52 /* MoviesCollectionViewCell.swift */; };
		EFB1B5AC2AA1DB9600606D9B /* StorageManager.swift in Sources */ = {isa = PBXBuildFile; fileRef = EFB1B5AB2AA1DB9600606D9B /* StorageManager.swift */; };
		EFB1B5AF2AA1DD8A00606D9B /* Realm in Frameworks */ = {isa = PBXBuildFile; productRef = EFB1B5AE2AA1DD8A00606D9B /* Realm */; };
		EFB1B5B12AA1DD8A00606D9B /* RealmSwift in Frameworks */ = {isa = PBXBuildFile; productRef = EFB1B5B02AA1DD8A00606D9B /* RealmSwift */; };
		EFB1B5B72AA1E1D100606D9B /* RealmError.swift in Sources */ = {isa = PBXBuildFile; fileRef = EFB1B5B62AA1E1D100606D9B /* RealmError.swift */; };
		EFB1B5B92AA1E6EB00606D9B /* FavoritesMoviesModel.swift in Sources */ = {isa = PBXBuildFile; fileRef = EFB1B5B82AA1E6EB00606D9B /* FavoritesMoviesModel.swift */; };
		EFB1B5BD2AA2330C00606D9B /* ProfileRowItem.swift in Sources */ = {isa = PBXBuildFile; fileRef = EFB1B5BC2AA2330C00606D9B /* ProfileRowItem.swift */; };
		EFB1B5BF2AA2334400606D9B /* CurrentUserModel.swift in Sources */ = {isa = PBXBuildFile; fileRef = EFB1B5BE2AA2334400606D9B /* CurrentUserModel.swift */; };
		EFB1B5C22AA389DB00606D9B /* +UIImage.swift in Sources */ = {isa = PBXBuildFile; fileRef = EFB1B5C12AA389DB00606D9B /* +UIImage.swift */; };
		EFCE6A182AA410100060E307 /* RootWindowManager.swift in Sources */ = {isa = PBXBuildFile; fileRef = EFCE6A172AA410100060E307 /* RootWindowManager.swift */; };
/* End PBXBuildFile section */

/* Begin PBXFileReference section */
		EF1CCB562A9670F100EC4C03 /* MovieApp.app */ = {isa = PBXFileReference; explicitFileType = wrapper.application; includeInIndex = 0; path = MovieApp.app; sourceTree = BUILT_PRODUCTS_DIR; };
		EF1CCB592A9670F100EC4C03 /* AppDelegate.swift */ = {isa = PBXFileReference; lastKnownFileType = sourcecode.swift; path = AppDelegate.swift; sourceTree = "<group>"; };
		EF1CCB5B2A9670F100EC4C03 /* SceneDelegate.swift */ = {isa = PBXFileReference; lastKnownFileType = sourcecode.swift; path = SceneDelegate.swift; sourceTree = "<group>"; };
		EF1CCB622A9670F200EC4C03 /* Assets.xcassets */ = {isa = PBXFileReference; lastKnownFileType = folder.assetcatalog; path = Assets.xcassets; sourceTree = "<group>"; };
		EF1CCB652A9670F200EC4C03 /* Base */ = {isa = PBXFileReference; lastKnownFileType = file.storyboard; name = Base; path = Base.lproj/LaunchScreen.storyboard; sourceTree = "<group>"; };
		EF1CCB672A9670F200EC4C03 /* Info.plist */ = {isa = PBXFileReference; lastKnownFileType = text.plist.xml; path = Info.plist; sourceTree = "<group>"; };
		EF1CCB782A9672F900EC4C03 /* HomeViewController.swift */ = {isa = PBXFileReference; lastKnownFileType = sourcecode.swift; path = HomeViewController.swift; sourceTree = "<group>"; };
		EF1CCB7A2A96739100EC4C03 /* HomeInteractor.swift */ = {isa = PBXFileReference; lastKnownFileType = sourcecode.swift; path = HomeInteractor.swift; sourceTree = "<group>"; };
		EF1CCB7C2A96739800EC4C03 /* HomePresenter.swift */ = {isa = PBXFileReference; lastKnownFileType = sourcecode.swift; path = HomePresenter.swift; sourceTree = "<group>"; };
		EF1CCB822A9673E200EC4C03 /* HomeRouter.swift */ = {isa = PBXFileReference; lastKnownFileType = sourcecode.swift; path = HomeRouter.swift; sourceTree = "<group>"; };
		EF1CCB852A9682CF00EC4C03 /* +CGFloat.swift */ = {isa = PBXFileReference; lastKnownFileType = sourcecode.swift; path = "+CGFloat.swift"; sourceTree = "<group>"; };
		EF1CCB872A9682E800EC4C03 /* +Cells.swift */ = {isa = PBXFileReference; lastKnownFileType = sourcecode.swift; path = "+Cells.swift"; sourceTree = "<group>"; };
		EF1CCB912A9686FD00EC4C03 /* TrendingUIView.swift */ = {isa = PBXFileReference; lastKnownFileType = sourcecode.swift; path = TrendingUIView.swift; sourceTree = "<group>"; };
		EF1CCB942A96894B00EC4C03 /* TrendingCollectionViewCell.swift */ = {isa = PBXFileReference; lastKnownFileType = sourcecode.swift; path = TrendingCollectionViewCell.swift; sourceTree = "<group>"; };
		EF1CCB962A968EFF00EC4C03 /* TabBarController.swift */ = {isa = PBXFileReference; lastKnownFileType = sourcecode.swift; path = TabBarController.swift; sourceTree = "<group>"; };
		EF1CCB9F2A96900E00EC4C03 /* MoviesViewController.swift */ = {isa = PBXFileReference; lastKnownFileType = sourcecode.swift; path = MoviesViewController.swift; sourceTree = "<group>"; };
		EF1CCBA52A96903000EC4C03 /* ProfileViewController.swift */ = {isa = PBXFileReference; lastKnownFileType = sourcecode.swift; path = ProfileViewController.swift; sourceTree = "<group>"; };
		EF1CCBA72A96907200EC4C03 /* MoviesInteractor.swift */ = {isa = PBXFileReference; lastKnownFileType = sourcecode.swift; path = MoviesInteractor.swift; sourceTree = "<group>"; };
		EF1CCBA92A96907E00EC4C03 /* MoviesPresenter.swift */ = {isa = PBXFileReference; lastKnownFileType = sourcecode.swift; path = MoviesPresenter.swift; sourceTree = "<group>"; };
		EF1CCBAB2A96908700EC4C03 /* MoviesRouter.swift */ = {isa = PBXFileReference; lastKnownFileType = sourcecode.swift; path = MoviesRouter.swift; sourceTree = "<group>"; };
		EF1CCBAD2A96909100EC4C03 /* ProfileInteractor.swift */ = {isa = PBXFileReference; lastKnownFileType = sourcecode.swift; path = ProfileInteractor.swift; sourceTree = "<group>"; };
		EF1CCBAF2A96909D00EC4C03 /* ProfilePresenter.swift */ = {isa = PBXFileReference; lastKnownFileType = sourcecode.swift; path = ProfilePresenter.swift; sourceTree = "<group>"; };
		EF1CCBB12A9690A700EC4C03 /* ProfileRouter.swift */ = {isa = PBXFileReference; lastKnownFileType = sourcecode.swift; path = ProfileRouter.swift; sourceTree = "<group>"; };
		EF1CCBBA2A98096100EC4C03 /* +TabBarController.swift */ = {isa = PBXFileReference; lastKnownFileType = sourcecode.swift; path = "+TabBarController.swift"; sourceTree = "<group>"; };
		EF1CCBBC2A98098F00EC4C03 /* EndPointProtocol.swift */ = {isa = PBXFileReference; lastKnownFileType = sourcecode.swift; path = EndPointProtocol.swift; sourceTree = "<group>"; };
		EF1CCBBE2A9809AD00EC4C03 /* NetworkManager.swift */ = {isa = PBXFileReference; lastKnownFileType = sourcecode.swift; path = NetworkManager.swift; sourceTree = "<group>"; };
		EF1CCBC12A9809F600EC4C03 /* NetworkError.swift */ = {isa = PBXFileReference; lastKnownFileType = sourcecode.swift; path = NetworkError.swift; sourceTree = "<group>"; };
		EF1CCBC32A980A0900EC4C03 /* HTTPMethod.swift */ = {isa = PBXFileReference; lastKnownFileType = sourcecode.swift; path = HTTPMethod.swift; sourceTree = "<group>"; };
		EF1CCBC82A9814E700EC4C03 /* LoginRouter.swift */ = {isa = PBXFileReference; lastKnownFileType = sourcecode.swift; path = LoginRouter.swift; sourceTree = "<group>"; };
		EF1CCBCA2A9814F600EC4C03 /* LoginPresenter.swift */ = {isa = PBXFileReference; lastKnownFileType = sourcecode.swift; path = LoginPresenter.swift; sourceTree = "<group>"; };
		EF1CCBCC2A98150400EC4C03 /* LoginInteractor.swift */ = {isa = PBXFileReference; lastKnownFileType = sourcecode.swift; path = LoginInteractor.swift; sourceTree = "<group>"; };
		EF1CCBCF2A98151300EC4C03 /* LoginViewController.swift */ = {isa = PBXFileReference; lastKnownFileType = sourcecode.swift; path = LoginViewController.swift; sourceTree = "<group>"; };
		EF1CCBD52A98161200EC4C03 /* LoginUIView.swift */ = {isa = PBXFileReference; lastKnownFileType = sourcecode.swift; path = LoginUIView.swift; sourceTree = "<group>"; };
		EF50C67C2AA778590054CACB /* DetailViewController.swift */ = {isa = PBXFileReference; lastKnownFileType = sourcecode.swift; path = DetailViewController.swift; sourceTree = "<group>"; };
		EF50C67E2AA778610054CACB /* DetailPresenter.swift */ = {isa = PBXFileReference; lastKnownFileType = sourcecode.swift; path = DetailPresenter.swift; sourceTree = "<group>"; };
		EF50C6802AA778690054CACB /* DetailInteractor.swift */ = {isa = PBXFileReference; lastKnownFileType = sourcecode.swift; path = DetailInteractor.swift; sourceTree = "<group>"; };
		EF50C6822AA778700054CACB /* DetailRouter.swift */ = {isa = PBXFileReference; lastKnownFileType = sourcecode.swift; path = DetailRouter.swift; sourceTree = "<group>"; };
		EF50C6842AA77AD80054CACB /* DetailUIView.swift */ = {isa = PBXFileReference; lastKnownFileType = sourcecode.swift; path = DetailUIView.swift; sourceTree = "<group>"; };
		EF542F762AA12A6A0079286A /* FavoritesViewController.swift */ = {isa = PBXFileReference; lastKnownFileType = sourcecode.swift; path = FavoritesViewController.swift; sourceTree = "<group>"; };
		EF542F782AA12A740079286A /* FavoritesInteractor.swift */ = {isa = PBXFileReference; lastKnownFileType = sourcecode.swift; path = FavoritesInteractor.swift; sourceTree = "<group>"; };
		EF542F7A2AA12A7F0079286A /* FavoritesPresenter.swift */ = {isa = PBXFileReference; lastKnownFileType = sourcecode.swift; path = FavoritesPresenter.swift; sourceTree = "<group>"; };
		EF542F7C2AA12A890079286A /* FavoritesRouter.swift */ = {isa = PBXFileReference; lastKnownFileType = sourcecode.swift; path = FavoritesRouter.swift; sourceTree = "<group>"; };
		EF542F7E2AA12EB50079286A /* FavoritesMoviesUIView.swift */ = {isa = PBXFileReference; lastKnownFileType = sourcecode.swift; path = FavoritesMoviesUIView.swift; sourceTree = "<group>"; };
		EF542F822AA130390079286A /* FavoritesTableViewCell.swift */ = {isa = PBXFileReference; lastKnownFileType = sourcecode.swift; path = FavoritesTableViewCell.swift; sourceTree = "<group>"; };
		EF57ECA32AA8CDAF00DD7706 /* TrailerModel.swift */ = {isa = PBXFileReference; lastKnownFileType = sourcecode.swift; path = TrailerModel.swift; sourceTree = "<group>"; };
		EF57ECA52AA8E54700DD7706 /* MovieAndTrailerModel.swift */ = {isa = PBXFileReference; lastKnownFileType = sourcecode.swift; path = MovieAndTrailerModel.swift; sourceTree = "<group>"; };
		EF57ECA72AA90D4B00DD7706 /* GoogleService-Info.plist */ = {isa = PBXFileReference; fileEncoding = 4; lastKnownFileType = text.plist.xml; path = "GoogleService-Info.plist"; sourceTree = "<group>"; };
		EF5A77A82AA0A708009C2078 /* ProfileEntity.swift */ = {isa = PBXFileReference; lastKnownFileType = sourcecode.swift; path = ProfileEntity.swift; sourceTree = "<group>"; };
		EF5A77AA2AA0B250009C2078 /* UserInfoUIView.swift */ = {isa = PBXFileReference; lastKnownFileType = sourcecode.swift; path = UserInfoUIView.swift; sourceTree = "<group>"; };
		EF5A77AC2AA0B273009C2078 /* ProfileItemUIView.swift */ = {isa = PBXFileReference; lastKnownFileType = sourcecode.swift; path = ProfileItemUIView.swift; sourceTree = "<group>"; };
		EF5A77AE2AA0B3AC009C2078 /* ProfileItemTableViewCell.swift */ = {isa = PBXFileReference; lastKnownFileType = sourcecode.swift; path = ProfileItemTableViewCell.swift; sourceTree = "<group>"; };
		EF5A77B22AA0FD85009C2078 /* CustomNavBarUIView.swift */ = {isa = PBXFileReference; lastKnownFileType = sourcecode.swift; path = CustomNavBarUIView.swift; sourceTree = "<group>"; };
		EF7207BA2A98EDA800DFD466 /* +TextField.swift */ = {isa = PBXFileReference; lastKnownFileType = sourcecode.swift; path = "+TextField.swift"; sourceTree = "<group>"; };
		EF7207BC2A98FA8F00DFD466 /* TabBarInteractor.swift */ = {isa = PBXFileReference; lastKnownFileType = sourcecode.swift; path = TabBarInteractor.swift; sourceTree = "<group>"; };
		EF7207BE2A98FA9700DFD466 /* TabBarPresenter.swift */ = {isa = PBXFileReference; lastKnownFileType = sourcecode.swift; path = TabBarPresenter.swift; sourceTree = "<group>"; };
		EF7207C02A98FAA000DFD466 /* TabBarRouter.swift */ = {isa = PBXFileReference; lastKnownFileType = sourcecode.swift; path = TabBarRouter.swift; sourceTree = "<group>"; };
		EF7207CD2A99021700DFD466 /* AuthManager.swift */ = {isa = PBXFileReference; lastKnownFileType = sourcecode.swift; path = AuthManager.swift; sourceTree = "<group>"; };
		EF7207D42A99025E00DFD466 /* FirebaseError.swift */ = {isa = PBXFileReference; lastKnownFileType = sourcecode.swift; path = FirebaseError.swift; sourceTree = "<group>"; };
		EF7207D62A9902A600DFD466 /* GeneralError.swift */ = {isa = PBXFileReference; lastKnownFileType = sourcecode.swift; path = GeneralError.swift; sourceTree = "<group>"; };
		EF7207DD2A9B4A2400DFD466 /* SignUpViewController.swift */ = {isa = PBXFileReference; lastKnownFileType = sourcecode.swift; path = SignUpViewController.swift; sourceTree = "<group>"; };
		EF7207DF2A9B4A3800DFD466 /* SignUpInteractor.swift */ = {isa = PBXFileReference; lastKnownFileType = sourcecode.swift; path = SignUpInteractor.swift; sourceTree = "<group>"; };
		EF7207E12A9B4A4100DFD466 /* SignUpPresenter.swift */ = {isa = PBXFileReference; lastKnownFileType = sourcecode.swift; path = SignUpPresenter.swift; sourceTree = "<group>"; };
		EF7207E32A9B4A4E00DFD466 /* SignUpRouter.swift */ = {isa = PBXFileReference; lastKnownFileType = sourcecode.swift; path = SignUpRouter.swift; sourceTree = "<group>"; };
		EF7207E52A9B4F2100DFD466 /* SignUpUIView.swift */ = {isa = PBXFileReference; lastKnownFileType = sourcecode.swift; path = SignUpUIView.swift; sourceTree = "<group>"; };
		EF7207E82A9B5DE100DFD466 /* UserInfoManager.swift */ = {isa = PBXFileReference; lastKnownFileType = sourcecode.swift; path = UserInfoManager.swift; sourceTree = "<group>"; };
		EF7207EF2A9B639600DFD466 /* MoviesService.swift */ = {isa = PBXFileReference; lastKnownFileType = sourcecode.swift; path = MoviesService.swift; sourceTree = "<group>"; };
		EF7207F12A9B63A000DFD466 /* MoviesEndPoint.swift */ = {isa = PBXFileReference; lastKnownFileType = sourcecode.swift; path = MoviesEndPoint.swift; sourceTree = "<group>"; };
		EF7207F32A9B63E800DFD466 /* MovieModel.swift */ = {isa = PBXFileReference; lastKnownFileType = sourcecode.swift; path = MovieModel.swift; sourceTree = "<group>"; };
		EFA9D9E12A9E3D7000CC9B52 /* MoviesUIView.swift */ = {isa = PBXFileReference; lastKnownFileType = sourcecode.swift; path = MoviesUIView.swift; sourceTree = "<group>"; };
		EFA9D9E32A9E492600CC9B52 /* MoviesEntity.swift */ = {isa = PBXFileReference; lastKnownFileType = sourcecode.swift; path = MoviesEntity.swift; sourceTree = "<group>"; };
		EFA9D9E52A9E50B500CC9B52 /* SearchCollectionViewCell.swift */ = {isa = PBXFileReference; lastKnownFileType = sourcecode.swift; path = SearchCollectionViewCell.swift; sourceTree = "<group>"; };
		EFA9D9E72A9E50BF00CC9B52 /* MoviesCollectionViewCell.swift */ = {isa = PBXFileReference; lastKnownFileType = sourcecode.swift; path = MoviesCollectionViewCell.swift; sourceTree = "<group>"; };
		EFB1B5AB2AA1DB9600606D9B /* StorageManager.swift */ = {isa = PBXFileReference; lastKnownFileType = sourcecode.swift; path = StorageManager.swift; sourceTree = "<group>"; };
		EFB1B5B62AA1E1D100606D9B /* RealmError.swift */ = {isa = PBXFileReference; lastKnownFileType = sourcecode.swift; path = RealmError.swift; sourceTree = "<group>"; };
		EFB1B5B82AA1E6EB00606D9B /* FavoritesMoviesModel.swift */ = {isa = PBXFileReference; lastKnownFileType = sourcecode.swift; path = FavoritesMoviesModel.swift; sourceTree = "<group>"; };
		EFB1B5BC2AA2330C00606D9B /* ProfileRowItem.swift */ = {isa = PBXFileReference; lastKnownFileType = sourcecode.swift; path = ProfileRowItem.swift; sourceTree = "<group>"; };
		EFB1B5BE2AA2334400606D9B /* CurrentUserModel.swift */ = {isa = PBXFileReference; lastKnownFileType = sourcecode.swift; path = CurrentUserModel.swift; sourceTree = "<group>"; };
		EFB1B5C12AA389DB00606D9B /* +UIImage.swift */ = {isa = PBXFileReference; lastKnownFileType = sourcecode.swift; path = "+UIImage.swift"; sourceTree = "<group>"; };
		EFCE6A172AA410100060E307 /* RootWindowManager.swift */ = {isa = PBXFileReference; lastKnownFileType = sourcecode.swift; path = RootWindowManager.swift; sourceTree = "<group>"; };
/* End PBXFileReference section */

/* Begin PBXFrameworksBuildPhase section */
		EF1CCB532A9670F100EC4C03 /* Frameworks */ = {
			isa = PBXFrameworksBuildPhase;
			buildActionMask = 2147483647;
			files = (
				EF7207D12A99023A00DFD466 /* GoogleSignIn in Frameworks */,
				EF7207C82A99012C00DFD466 /* FirebaseDatabase in Frameworks */,
				EF7207CC2A99012C00DFD466 /* FirebaseStorage in Frameworks */,
				EFB1B5B12AA1DD8A00606D9B /* RealmSwift in Frameworks */,
				EF37BAE42A9B7AC700291E72 /* SDWebImage in Frameworks */,
				EF7207D32A99023A00DFD466 /* GoogleSignInSwift in Frameworks */,
				EF7207C62A99012C00DFD466 /* FirebaseAuth in Frameworks */,
				EFB1B5AF2AA1DD8A00606D9B /* Realm in Frameworks */,
				EF7207CA2A99012C00DFD466 /* FirebaseFirestore in Frameworks */,
			);
			runOnlyForDeploymentPostprocessing = 0;
		};
/* End PBXFrameworksBuildPhase section */

/* Begin PBXGroup section */
		EF1CCB4D2A9670F100EC4C03 = {
			isa = PBXGroup;
			children = (
				EF1CCB582A9670F100EC4C03 /* MovieApp */,
				EF1CCB572A9670F100EC4C03 /* Products */,
			);
			sourceTree = "<group>";
		};
		EF1CCB572A9670F100EC4C03 /* Products */ = {
			isa = PBXGroup;
			children = (
				EF1CCB562A9670F100EC4C03 /* MovieApp.app */,
			);
			name = Products;
			sourceTree = "<group>";
		};
		EF1CCB582A9670F100EC4C03 /* MovieApp */ = {
			isa = PBXGroup;
			children = (
				EF1CCB6F2A9671BB00EC4C03 /* Module */,
				EF7207EC2A9B635000DFD466 /* Services */,
				EF1CCBC02A9809DC00EC4C03 /* Entities */,
				EF1CCB6E2A9671AA00EC4C03 /* Manager */,
				EF1CCB712A9671FD00EC4C03 /* Utilities */,
				EF1CCBB32A969A4B00EC4C03 /* Core */,
				EF1CCB6D2A96719B00EC4C03 /* Resources */,
				EF1CCB672A9670F200EC4C03 /* Info.plist */,
				EF57ECA72AA90D4B00DD7706 /* GoogleService-Info.plist */,
			);
			path = MovieApp;
			sourceTree = "<group>";
		};
		EF1CCB6D2A96719B00EC4C03 /* Resources */ = {
			isa = PBXGroup;
			children = (
				EF1CCB622A9670F200EC4C03 /* Assets.xcassets */,
				EF1CCB642A9670F200EC4C03 /* LaunchScreen.storyboard */,
			);
			path = Resources;
			sourceTree = "<group>";
		};
		EF1CCB6E2A9671AA00EC4C03 /* Manager */ = {
			isa = PBXGroup;
			children = (
				EF1CCBBE2A9809AD00EC4C03 /* NetworkManager.swift */,
				EF7207CD2A99021700DFD466 /* AuthManager.swift */,
				EF7207E82A9B5DE100DFD466 /* UserInfoManager.swift */,
				EFB1B5AB2AA1DB9600606D9B /* StorageManager.swift */,
				EFCE6A172AA410100060E307 /* RootWindowManager.swift */,
			);
			path = Manager;
			sourceTree = "<group>";
		};
		EF1CCB6F2A9671BB00EC4C03 /* Module */ = {
			isa = PBXGroup;
			children = (
				EF50C6792AA7782F0054CACB /* Detail */,
				EF1CCB982A968F2900EC4C03 /* TabBar */,
				EF1CCBC52A9814C000EC4C03 /* Login */,
				EF7207DA2A9B49FB00DFD466 /* SignUp */,
				EF542F732AA12A320079286A /* Favorites */,
				EF1CCB722A96720F00EC4C03 /* Home */,
				EF1CCB992A968FB900EC4C03 /* Movies */,
				EF1CCB9A2A968FC900EC4C03 /* Profile */,
			);
			path = Module;
			sourceTree = "<group>";
		};
		EF1CCB702A9671D700EC4C03 /* Extensions */ = {
			isa = PBXGroup;
			children = (
				EF1CCB852A9682CF00EC4C03 /* +CGFloat.swift */,
				EF1CCB872A9682E800EC4C03 /* +Cells.swift */,
				EF1CCBBA2A98096100EC4C03 /* +TabBarController.swift */,
				EF7207BA2A98EDA800DFD466 /* +TextField.swift */,
				EFB1B5C12AA389DB00606D9B /* +UIImage.swift */,
			);
			path = Extensions;
			sourceTree = "<group>";
		};
		EF1CCB712A9671FD00EC4C03 /* Utilities */ = {
			isa = PBXGroup;
			children = (
				EF1CCBB92A9808E800EC4C03 /* Helpers */,
				EF1CCBB82A9808E100EC4C03 /* Protocols */,
				EF1CCB702A9671D700EC4C03 /* Extensions */,
			);
			path = Utilities;
			sourceTree = "<group>";
		};
		EF1CCB722A96720F00EC4C03 /* Home */ = {
			isa = PBXGroup;
			children = (
				EF1CCB8E2A96840100EC4C03 /* Base */,
				EF1CCB842A96800700EC4C03 /* UICompannts */,
			);
			path = Home;
			sourceTree = "<group>";
		};
		EF1CCB842A96800700EC4C03 /* UICompannts */ = {
			isa = PBXGroup;
			children = (
				EF1CCBB42A969EF100EC4C03 /* CustomViews */,
				EF1CCB932A96892E00EC4C03 /* Cells */,
			);
			path = UICompannts;
			sourceTree = "<group>";
		};
		EF1CCB8E2A96840100EC4C03 /* Base */ = {
			isa = PBXGroup;
			children = (
				EF1CCB782A9672F900EC4C03 /* HomeViewController.swift */,
				EF1CCB7A2A96739100EC4C03 /* HomeInteractor.swift */,
				EF1CCB7C2A96739800EC4C03 /* HomePresenter.swift */,
				EF1CCB822A9673E200EC4C03 /* HomeRouter.swift */,
			);
			path = Base;
			sourceTree = "<group>";
		};
		EF1CCB932A96892E00EC4C03 /* Cells */ = {
			isa = PBXGroup;
			children = (
				EF1CCB942A96894B00EC4C03 /* TrendingCollectionViewCell.swift */,
			);
			path = Cells;
			sourceTree = "<group>";
		};
		EF1CCB982A968F2900EC4C03 /* TabBar */ = {
			isa = PBXGroup;
			children = (
				EF1CCB962A968EFF00EC4C03 /* TabBarController.swift */,
				EF7207BC2A98FA8F00DFD466 /* TabBarInteractor.swift */,
				EF7207BE2A98FA9700DFD466 /* TabBarPresenter.swift */,
				EF7207C02A98FAA000DFD466 /* TabBarRouter.swift */,
			);
			path = TabBar;
			sourceTree = "<group>";
		};
		EF1CCB992A968FB900EC4C03 /* Movies */ = {
			isa = PBXGroup;
			children = (
				EF1CCBB52A969F3C00EC4C03 /* Base */,
				EF1CCB9E2A968FF000EC4C03 /* UICompanents */,
			);
			path = Movies;
			sourceTree = "<group>";
		};
		EF1CCB9A2A968FC900EC4C03 /* Profile */ = {
			isa = PBXGroup;
			children = (
				EF1CCBA42A96902300EC4C03 /* Base */,
				EF1CCBA32A96901E00EC4C03 /* UICompanents */,
			);
			path = Profile;
			sourceTree = "<group>";
		};
		EF1CCB9E2A968FF000EC4C03 /* UICompanents */ = {
			isa = PBXGroup;
			children = (
				EF1CCBB62A969F6200EC4C03 /* CustomViews */,
				EF1CCBB72A969F6900EC4C03 /* Cells */,
			);
			path = UICompanents;
			sourceTree = "<group>";
		};
		EF1CCBA12A96901500EC4C03 /* Cells */ = {
			isa = PBXGroup;
			children = (
				EF5A77AE2AA0B3AC009C2078 /* ProfileItemTableViewCell.swift */,
			);
			path = Cells;
			sourceTree = "<group>";
		};
		EF1CCBA22A96901900EC4C03 /* CustomViews */ = {
			isa = PBXGroup;
			children = (
				EF5A77AA2AA0B250009C2078 /* UserInfoUIView.swift */,
				EF5A77AC2AA0B273009C2078 /* ProfileItemUIView.swift */,
			);
			path = CustomViews;
			sourceTree = "<group>";
		};
		EF1CCBA32A96901E00EC4C03 /* UICompanents */ = {
			isa = PBXGroup;
			children = (
				EF1CCBA22A96901900EC4C03 /* CustomViews */,
				EF1CCBA12A96901500EC4C03 /* Cells */,
			);
			path = UICompanents;
			sourceTree = "<group>";
		};
		EF1CCBA42A96902300EC4C03 /* Base */ = {
			isa = PBXGroup;
			children = (
				EF1CCBA52A96903000EC4C03 /* ProfileViewController.swift */,
				EF1CCBAD2A96909100EC4C03 /* ProfileInteractor.swift */,
				EF1CCBAF2A96909D00EC4C03 /* ProfilePresenter.swift */,
				EF1CCBB12A9690A700EC4C03 /* ProfileRouter.swift */,
				EF5A77A82AA0A708009C2078 /* ProfileEntity.swift */,
			);
			path = Base;
			sourceTree = "<group>";
		};
		EF1CCBB32A969A4B00EC4C03 /* Core */ = {
			isa = PBXGroup;
			children = (
				EF1CCB5B2A9670F100EC4C03 /* SceneDelegate.swift */,
				EF1CCB592A9670F100EC4C03 /* AppDelegate.swift */,
			);
			path = Core;
			sourceTree = "<group>";
		};
		EF1CCBB42A969EF100EC4C03 /* CustomViews */ = {
			isa = PBXGroup;
			children = (
				EF1CCB912A9686FD00EC4C03 /* TrendingUIView.swift */,
				EF5A77B22AA0FD85009C2078 /* CustomNavBarUIView.swift */,
			);
			path = CustomViews;
			sourceTree = "<group>";
		};
		EF1CCBB52A969F3C00EC4C03 /* Base */ = {
			isa = PBXGroup;
			children = (
				EF1CCB9F2A96900E00EC4C03 /* MoviesViewController.swift */,
				EF1CCBA72A96907200EC4C03 /* MoviesInteractor.swift */,
				EF1CCBA92A96907E00EC4C03 /* MoviesPresenter.swift */,
				EF1CCBAB2A96908700EC4C03 /* MoviesRouter.swift */,
				EFA9D9E32A9E492600CC9B52 /* MoviesEntity.swift */,
			);
			path = Base;
			sourceTree = "<group>";
		};
		EF1CCBB62A969F6200EC4C03 /* CustomViews */ = {
			isa = PBXGroup;
			children = (
				EFA9D9E12A9E3D7000CC9B52 /* MoviesUIView.swift */,
			);
			path = CustomViews;
			sourceTree = "<group>";
		};
		EF1CCBB72A969F6900EC4C03 /* Cells */ = {
			isa = PBXGroup;
			children = (
				EFA9D9E52A9E50B500CC9B52 /* SearchCollectionViewCell.swift */,
				EFA9D9E72A9E50BF00CC9B52 /* MoviesCollectionViewCell.swift */,
			);
			path = Cells;
			sourceTree = "<group>";
		};
		EF1CCBB82A9808E100EC4C03 /* Protocols */ = {
			isa = PBXGroup;
			children = (
				EF1CCBBC2A98098F00EC4C03 /* EndPointProtocol.swift */,
			);
			path = Protocols;
			sourceTree = "<group>";
		};
		EF1CCBB92A9808E800EC4C03 /* Helpers */ = {
			isa = PBXGroup;
			children = (
			);
			path = Helpers;
			sourceTree = "<group>";
		};
		EF1CCBC02A9809DC00EC4C03 /* Entities */ = {
			isa = PBXGroup;
			children = (
				EF7207EB2A9B5EAD00DFD466 /* Models */,
				EF7207EA2A9B5EA500DFD466 /* Enums */,
			);
			path = Entities;
			sourceTree = "<group>";
		};
		EF1CCBC52A9814C000EC4C03 /* Login */ = {
			isa = PBXGroup;
			children = (
				EF1CCBC72A9814CD00EC4C03 /* Base */,
				EF1CCBC62A9814C600EC4C03 /* UICompanents */,
			);
			path = Login;
			sourceTree = "<group>";
		};
		EF1CCBC62A9814C600EC4C03 /* UICompanents */ = {
			isa = PBXGroup;
			children = (
				EF1CCBD52A98161200EC4C03 /* LoginUIView.swift */,
			);
			path = UICompanents;
			sourceTree = "<group>";
		};
		EF1CCBC72A9814CD00EC4C03 /* Base */ = {
			isa = PBXGroup;
			children = (
				EF1CCBCF2A98151300EC4C03 /* LoginViewController.swift */,
				EF1CCBCC2A98150400EC4C03 /* LoginInteractor.swift */,
				EF1CCBCA2A9814F600EC4C03 /* LoginPresenter.swift */,
				EF1CCBC82A9814E700EC4C03 /* LoginRouter.swift */,
			);
			path = Base;
			sourceTree = "<group>";
		};
		EF50C6792AA7782F0054CACB /* Detail */ = {
			isa = PBXGroup;
			children = (
				EF50C67A2AA7783F0054CACB /* Base */,
				EF50C67B2AA778430054CACB /* UICompanents */,
			);
			path = Detail;
			sourceTree = "<group>";
		};
		EF50C67A2AA7783F0054CACB /* Base */ = {
			isa = PBXGroup;
			children = (
				EF50C67C2AA778590054CACB /* DetailViewController.swift */,
				EF50C67E2AA778610054CACB /* DetailPresenter.swift */,
				EF50C6802AA778690054CACB /* DetailInteractor.swift */,
				EF50C6822AA778700054CACB /* DetailRouter.swift */,
			);
			path = Base;
			sourceTree = "<group>";
		};
		EF50C67B2AA778430054CACB /* UICompanents */ = {
			isa = PBXGroup;
			children = (
				EF50C6842AA77AD80054CACB /* DetailUIView.swift */,
			);
			path = UICompanents;
			sourceTree = "<group>";
		};
		EF542F732AA12A320079286A /* Favorites */ = {
			isa = PBXGroup;
			children = (
				EF542F742AA12A570079286A /* Base */,
				EF542F752AA12A5B0079286A /* UICompanents */,
			);
			path = Favorites;
			sourceTree = "<group>";
		};
		EF542F742AA12A570079286A /* Base */ = {
			isa = PBXGroup;
			children = (
				EF542F762AA12A6A0079286A /* FavoritesViewController.swift */,
				EF542F782AA12A740079286A /* FavoritesInteractor.swift */,
				EF542F7A2AA12A7F0079286A /* FavoritesPresenter.swift */,
				EF542F7C2AA12A890079286A /* FavoritesRouter.swift */,
			);
			path = Base;
			sourceTree = "<group>";
		};
		EF542F752AA12A5B0079286A /* UICompanents */ = {
			isa = PBXGroup;
			children = (
				EF542F802AA130130079286A /* CustomViews */,
				EF542F812AA1301A0079286A /* Cells */,
			);
			path = UICompanents;
			sourceTree = "<group>";
		};
		EF542F802AA130130079286A /* CustomViews */ = {
			isa = PBXGroup;
			children = (
				EF542F7E2AA12EB50079286A /* FavoritesMoviesUIView.swift */,
			);
			path = CustomViews;
			sourceTree = "<group>";
		};
		EF542F812AA1301A0079286A /* Cells */ = {
			isa = PBXGroup;
			children = (
				EF542F822AA130390079286A /* FavoritesTableViewCell.swift */,
			);
			path = Cells;
			sourceTree = "<group>";
		};
		EF7207DA2A9B49FB00DFD466 /* SignUp */ = {
			isa = PBXGroup;
			children = (
				EF7207DB2A9B4A0800DFD466 /* Base */,
				EF7207DC2A9B4A0C00DFD466 /* UICompanents */,
			);
			path = SignUp;
			sourceTree = "<group>";
		};
		EF7207DB2A9B4A0800DFD466 /* Base */ = {
			isa = PBXGroup;
			children = (
				EF7207DD2A9B4A2400DFD466 /* SignUpViewController.swift */,
				EF7207DF2A9B4A3800DFD466 /* SignUpInteractor.swift */,
				EF7207E12A9B4A4100DFD466 /* SignUpPresenter.swift */,
				EF7207E32A9B4A4E00DFD466 /* SignUpRouter.swift */,
			);
			path = Base;
			sourceTree = "<group>";
		};
		EF7207DC2A9B4A0C00DFD466 /* UICompanents */ = {
			isa = PBXGroup;
			children = (
				EF7207E52A9B4F2100DFD466 /* SignUpUIView.swift */,
			);
			path = UICompanents;
			sourceTree = "<group>";
		};
		EF7207EA2A9B5EA500DFD466 /* Enums */ = {
			isa = PBXGroup;
			children = (
				EFB1B5C02AA233B400606D9B /* Profile */,
				EFB1B5BA2AA2210A00606D9B /* Error */,
			);
			path = Enums;
			sourceTree = "<group>";
		};
		EF7207EB2A9B5EAD00DFD466 /* Models */ = {
			isa = PBXGroup;
			children = (
				EF7207F32A9B63E800DFD466 /* MovieModel.swift */,
				EFB1B5B82AA1E6EB00606D9B /* FavoritesMoviesModel.swift */,
				EFB1B5BE2AA2334400606D9B /* CurrentUserModel.swift */,
				EF57ECA32AA8CDAF00DD7706 /* TrailerModel.swift */,
				EF57ECA52AA8E54700DD7706 /* MovieAndTrailerModel.swift */,
			);
			path = Models;
			sourceTree = "<group>";
		};
		EF7207EC2A9B635000DFD466 /* Services */ = {
			isa = PBXGroup;
			children = (
				EF7207EF2A9B639600DFD466 /* MoviesService.swift */,
				EF7207F12A9B63A000DFD466 /* MoviesEndPoint.swift */,
			);
			path = Services;
			sourceTree = "<group>";
		};
		EFB1B5BA2AA2210A00606D9B /* Error */ = {
			isa = PBXGroup;
			children = (
				EF1CCBC12A9809F600EC4C03 /* NetworkError.swift */,
				EF1CCBC32A980A0900EC4C03 /* HTTPMethod.swift */,
				EF7207D42A99025E00DFD466 /* FirebaseError.swift */,
				EF7207D62A9902A600DFD466 /* GeneralError.swift */,
				EFB1B5B62AA1E1D100606D9B /* RealmError.swift */,
			);
			path = Error;
			sourceTree = "<group>";
		};
		EFB1B5C02AA233B400606D9B /* Profile */ = {
			isa = PBXGroup;
			children = (
				EFB1B5BC2AA2330C00606D9B /* ProfileRowItem.swift */,
			);
			path = Profile;
			sourceTree = "<group>";
		};
/* End PBXGroup section */

/* Begin PBXNativeTarget section */
		EF1CCB552A9670F100EC4C03 /* MovieApp */ = {
			isa = PBXNativeTarget;
			buildConfigurationList = EF1CCB6A2A9670F200EC4C03 /* Build configuration list for PBXNativeTarget "MovieApp" */;
			buildPhases = (
				EF1CCB522A9670F100EC4C03 /* Sources */,
				EF1CCB532A9670F100EC4C03 /* Frameworks */,
				EF1CCB542A9670F100EC4C03 /* Resources */,
			);
			buildRules = (
			);
			dependencies = (
			);
			name = MovieApp;
			packageProductDependencies = (
				EF7207C52A99012C00DFD466 /* FirebaseAuth */,
				EF7207C72A99012C00DFD466 /* FirebaseDatabase */,
				EF7207C92A99012C00DFD466 /* FirebaseFirestore */,
				EF7207CB2A99012C00DFD466 /* FirebaseStorage */,
				EF7207D02A99023A00DFD466 /* GoogleSignIn */,
				EF7207D22A99023A00DFD466 /* GoogleSignInSwift */,
				EF37BAE32A9B7AC700291E72 /* SDWebImage */,
				EFB1B5AE2AA1DD8A00606D9B /* Realm */,
				EFB1B5B02AA1DD8A00606D9B /* RealmSwift */,
			);
			productName = MovieApp;
			productReference = EF1CCB562A9670F100EC4C03 /* MovieApp.app */;
			productType = "com.apple.product-type.application";
		};
/* End PBXNativeTarget section */

/* Begin PBXProject section */
		EF1CCB4E2A9670F100EC4C03 /* Project object */ = {
			isa = PBXProject;
			attributes = {
				BuildIndependentTargetsInParallel = 1;
				LastSwiftUpdateCheck = 1430;
				LastUpgradeCheck = 1430;
				TargetAttributes = {
					EF1CCB552A9670F100EC4C03 = {
						CreatedOnToolsVersion = 14.3.1;
					};
				};
			};
			buildConfigurationList = EF1CCB512A9670F100EC4C03 /* Build configuration list for PBXProject "MovieApp" */;
			compatibilityVersion = "Xcode 14.0";
			developmentRegion = en;
			hasScannedForEncodings = 0;
			knownRegions = (
				en,
				Base,
			);
			mainGroup = EF1CCB4D2A9670F100EC4C03;
			packageReferences = (
				EF7207C42A99012C00DFD466 /* XCRemoteSwiftPackageReference "firebase-ios-sdk" */,
				EF7207CF2A99023A00DFD466 /* XCRemoteSwiftPackageReference "GoogleSignIn-iOS" */,
				EF37BAE22A9B7AC700291E72 /* XCRemoteSwiftPackageReference "SDWebImage" */,
				EFB1B5AD2AA1DD8A00606D9B /* XCRemoteSwiftPackageReference "realm-cocoa" */,
			);
			productRefGroup = EF1CCB572A9670F100EC4C03 /* Products */;
			projectDirPath = "";
			projectRoot = "";
			targets = (
				EF1CCB552A9670F100EC4C03 /* MovieApp */,
			);
		};
/* End PBXProject section */

/* Begin PBXResourcesBuildPhase section */
		EF1CCB542A9670F100EC4C03 /* Resources */ = {
			isa = PBXResourcesBuildPhase;
			buildActionMask = 2147483647;
			files = (
				EF1CCB662A9670F200EC4C03 /* LaunchScreen.storyboard in Resources */,
				EF1CCB632A9670F200EC4C03 /* Assets.xcassets in Resources */,
				EF57ECA82AA90D4B00DD7706 /* GoogleService-Info.plist in Resources */,
			);
			runOnlyForDeploymentPostprocessing = 0;
		};
/* End PBXResourcesBuildPhase section */

/* Begin PBXSourcesBuildPhase section */
		EF1CCB522A9670F100EC4C03 /* Sources */ = {
			isa = PBXSourcesBuildPhase;
			buildActionMask = 2147483647;
			files = (
				EF542F7D2AA12A890079286A /* FavoritesRouter.swift in Sources */,
				EF7207C12A98FAA000DFD466 /* TabBarRouter.swift in Sources */,
				EF57ECA42AA8CDAF00DD7706 /* TrailerModel.swift in Sources */,
				EF1CCBD62A98161200EC4C03 /* LoginUIView.swift in Sources */,
				EFB1B5AC2AA1DB9600606D9B /* StorageManager.swift in Sources */,
				EF1CCBBF2A9809AD00EC4C03 /* NetworkManager.swift in Sources */,
				EF7207F22A9B63A000DFD466 /* MoviesEndPoint.swift in Sources */,
				EF1CCB5A2A9670F100EC4C03 /* AppDelegate.swift in Sources */,
				EF1CCB972A968EFF00EC4C03 /* TabBarController.swift in Sources */,
				EFA9D9E42A9E492600CC9B52 /* MoviesEntity.swift in Sources */,
				EFB1B5C22AA389DB00606D9B /* +UIImage.swift in Sources */,
				EF1CCB832A9673E200EC4C03 /* HomeRouter.swift in Sources */,
				EF50C6812AA778690054CACB /* DetailInteractor.swift in Sources */,
				EF1CCB5C2A9670F100EC4C03 /* SceneDelegate.swift in Sources */,
				EF1CCBD02A98151300EC4C03 /* LoginViewController.swift in Sources */,
				EF542F772AA12A6A0079286A /* FavoritesViewController.swift in Sources */,
				EF1CCBB22A9690A700EC4C03 /* ProfileRouter.swift in Sources */,
				EF7207E92A9B5DE100DFD466 /* UserInfoManager.swift in Sources */,
				EF7207E42A9B4A4E00DFD466 /* SignUpRouter.swift in Sources */,
				EF7207D52A99025E00DFD466 /* FirebaseError.swift in Sources */,
				EF7207D72A9902A600DFD466 /* GeneralError.swift in Sources */,
				EF542F7F2AA12EB50079286A /* FavoritesMoviesUIView.swift in Sources */,
				EF5A77AD2AA0B273009C2078 /* ProfileItemUIView.swift in Sources */,
				EF542F832AA130390079286A /* FavoritesTableViewCell.swift in Sources */,
				EFB1B5BD2AA2330C00606D9B /* ProfileRowItem.swift in Sources */,
				EF5A77B32AA0FD85009C2078 /* CustomNavBarUIView.swift in Sources */,
				EF50C6852AA77AD80054CACB /* DetailUIView.swift in Sources */,
				EFA9D9E82A9E50BF00CC9B52 /* MoviesCollectionViewCell.swift in Sources */,
				EF1CCBBB2A98096100EC4C03 /* +TabBarController.swift in Sources */,
				EF1CCBA62A96903000EC4C03 /* ProfileViewController.swift in Sources */,
				EF7207E02A9B4A3800DFD466 /* SignUpInteractor.swift in Sources */,
				EF1CCBC42A980A0900EC4C03 /* HTTPMethod.swift in Sources */,
				EF1CCB792A9672F900EC4C03 /* HomeViewController.swift in Sources */,
				EF7207F02A9B639600DFD466 /* MoviesService.swift in Sources */,
				EF542F7B2AA12A7F0079286A /* FavoritesPresenter.swift in Sources */,
				EF1CCBC22A9809F600EC4C03 /* NetworkError.swift in Sources */,
				EF542F792AA12A740079286A /* FavoritesInteractor.swift in Sources */,
				EF1CCB7D2A96739800EC4C03 /* HomePresenter.swift in Sources */,
				EF50C67D2AA778590054CACB /* DetailViewController.swift in Sources */,
				EF1CCBCB2A9814F600EC4C03 /* LoginPresenter.swift in Sources */,
				EF1CCB922A9686FD00EC4C03 /* TrendingUIView.swift in Sources */,
				EF1CCB882A9682E800EC4C03 /* +Cells.swift in Sources */,
				EFB1B5B92AA1E6EB00606D9B /* FavoritesMoviesModel.swift in Sources */,
				EFA9D9E22A9E3D7000CC9B52 /* MoviesUIView.swift in Sources */,
				EF57ECA62AA8E54700DD7706 /* MovieAndTrailerModel.swift in Sources */,
				EF1CCBA02A96900E00EC4C03 /* MoviesViewController.swift in Sources */,
				EFCE6A182AA410100060E307 /* RootWindowManager.swift in Sources */,
				EF1CCBCD2A98150400EC4C03 /* LoginInteractor.swift in Sources */,
				EF1CCBBD2A98098F00EC4C03 /* EndPointProtocol.swift in Sources */,
				EF5A77AB2AA0B250009C2078 /* UserInfoUIView.swift in Sources */,
				EF1CCBA82A96907200EC4C03 /* MoviesInteractor.swift in Sources */,
				EF1CCBB02A96909D00EC4C03 /* ProfilePresenter.swift in Sources */,
				EF7207BB2A98EDA800DFD466 /* +TextField.swift in Sources */,
				EFA9D9E62A9E50B500CC9B52 /* SearchCollectionViewCell.swift in Sources */,
				EF7207DE2A9B4A2400DFD466 /* SignUpViewController.swift in Sources */,
				EF1CCBAA2A96907E00EC4C03 /* MoviesPresenter.swift in Sources */,
				EF7207BD2A98FA8F00DFD466 /* TabBarInteractor.swift in Sources */,
				EF7207F42A9B63E800DFD466 /* MovieModel.swift in Sources */,
				EF50C6832AA778700054CACB /* DetailRouter.swift in Sources */,
				EF5A77A92AA0A708009C2078 /* ProfileEntity.swift in Sources */,
				EF1CCB862A9682CF00EC4C03 /* +CGFloat.swift in Sources */,
				EF7207BF2A98FA9700DFD466 /* TabBarPresenter.swift in Sources */,
				EF1CCB952A96894B00EC4C03 /* TrendingCollectionViewCell.swift in Sources */,
				EF7207CE2A99021700DFD466 /* AuthManager.swift in Sources */,
				EF1CCB7B2A96739100EC4C03 /* HomeInteractor.swift in Sources */,
				EFB1B5B72AA1E1D100606D9B /* RealmError.swift in Sources */,
				EF5A77AF2AA0B3AC009C2078 /* ProfileItemTableViewCell.swift in Sources */,
				EF50C67F2AA778610054CACB /* DetailPresenter.swift in Sources */,
				EF1CCBAE2A96909100EC4C03 /* ProfileInteractor.swift in Sources */,
				EF1CCBC92A9814E700EC4C03 /* LoginRouter.swift in Sources */,
				EFB1B5BF2AA2334400606D9B /* CurrentUserModel.swift in Sources */,
				EF7207E22A9B4A4100DFD466 /* SignUpPresenter.swift in Sources */,
				EF7207E62A9B4F2100DFD466 /* SignUpUIView.swift in Sources */,
				EF1CCBAC2A96908700EC4C03 /* MoviesRouter.swift in Sources */,
			);
			runOnlyForDeploymentPostprocessing = 0;
		};
/* End PBXSourcesBuildPhase section */

/* Begin PBXVariantGroup section */
		EF1CCB642A9670F200EC4C03 /* LaunchScreen.storyboard */ = {
			isa = PBXVariantGroup;
			children = (
				EF1CCB652A9670F200EC4C03 /* Base */,
			);
			name = LaunchScreen.storyboard;
			sourceTree = "<group>";
		};
/* End PBXVariantGroup section */

/* Begin XCBuildConfiguration section */
		EF1CCB682A9670F200EC4C03 /* Debug */ = {
			isa = XCBuildConfiguration;
			buildSettings = {
				ALWAYS_SEARCH_USER_PATHS = NO;
				CLANG_ANALYZER_NONNULL = YES;
				CLANG_ANALYZER_NUMBER_OBJECT_CONVERSION = YES_AGGRESSIVE;
				CLANG_CXX_LANGUAGE_STANDARD = "gnu++20";
				CLANG_ENABLE_MODULES = YES;
				CLANG_ENABLE_OBJC_ARC = YES;
				CLANG_ENABLE_OBJC_WEAK = YES;
				CLANG_WARN_BLOCK_CAPTURE_AUTORELEASING = YES;
				CLANG_WARN_BOOL_CONVERSION = YES;
				CLANG_WARN_COMMA = YES;
				CLANG_WARN_CONSTANT_CONVERSION = YES;
				CLANG_WARN_DEPRECATED_OBJC_IMPLEMENTATIONS = YES;
				CLANG_WARN_DIRECT_OBJC_ISA_USAGE = YES_ERROR;
				CLANG_WARN_DOCUMENTATION_COMMENTS = YES;
				CLANG_WARN_EMPTY_BODY = YES;
				CLANG_WARN_ENUM_CONVERSION = YES;
				CLANG_WARN_INFINITE_RECURSION = YES;
				CLANG_WARN_INT_CONVERSION = YES;
				CLANG_WARN_NON_LITERAL_NULL_CONVERSION = YES;
				CLANG_WARN_OBJC_IMPLICIT_RETAIN_SELF = YES;
				CLANG_WARN_OBJC_LITERAL_CONVERSION = YES;
				CLANG_WARN_OBJC_ROOT_CLASS = YES_ERROR;
				CLANG_WARN_QUOTED_INCLUDE_IN_FRAMEWORK_HEADER = YES;
				CLANG_WARN_RANGE_LOOP_ANALYSIS = YES;
				CLANG_WARN_STRICT_PROTOTYPES = YES;
				CLANG_WARN_SUSPICIOUS_MOVE = YES;
				CLANG_WARN_UNGUARDED_AVAILABILITY = YES_AGGRESSIVE;
				CLANG_WARN_UNREACHABLE_CODE = YES;
				CLANG_WARN__DUPLICATE_METHOD_MATCH = YES;
				COPY_PHASE_STRIP = NO;
				DEBUG_INFORMATION_FORMAT = dwarf;
				ENABLE_STRICT_OBJC_MSGSEND = YES;
				ENABLE_TESTABILITY = YES;
				GCC_C_LANGUAGE_STANDARD = gnu11;
				GCC_DYNAMIC_NO_PIC = NO;
				GCC_NO_COMMON_BLOCKS = YES;
				GCC_OPTIMIZATION_LEVEL = 0;
				GCC_PREPROCESSOR_DEFINITIONS = (
					"DEBUG=1",
					"$(inherited)",
				);
				GCC_WARN_64_TO_32_BIT_CONVERSION = YES;
				GCC_WARN_ABOUT_RETURN_TYPE = YES_ERROR;
				GCC_WARN_UNDECLARED_SELECTOR = YES;
				GCC_WARN_UNINITIALIZED_AUTOS = YES_AGGRESSIVE;
				GCC_WARN_UNUSED_FUNCTION = YES;
				GCC_WARN_UNUSED_VARIABLE = YES;
				IPHONEOS_DEPLOYMENT_TARGET = 16.4;
				MTL_ENABLE_DEBUG_INFO = INCLUDE_SOURCE;
				MTL_FAST_MATH = YES;
				ONLY_ACTIVE_ARCH = YES;
				SDKROOT = iphoneos;
				SWIFT_ACTIVE_COMPILATION_CONDITIONS = DEBUG;
				SWIFT_OPTIMIZATION_LEVEL = "-Onone";
			};
			name = Debug;
		};
		EF1CCB692A9670F200EC4C03 /* Release */ = {
			isa = XCBuildConfiguration;
			buildSettings = {
				ALWAYS_SEARCH_USER_PATHS = NO;
				CLANG_ANALYZER_NONNULL = YES;
				CLANG_ANALYZER_NUMBER_OBJECT_CONVERSION = YES_AGGRESSIVE;
				CLANG_CXX_LANGUAGE_STANDARD = "gnu++20";
				CLANG_ENABLE_MODULES = YES;
				CLANG_ENABLE_OBJC_ARC = YES;
				CLANG_ENABLE_OBJC_WEAK = YES;
				CLANG_WARN_BLOCK_CAPTURE_AUTORELEASING = YES;
				CLANG_WARN_BOOL_CONVERSION = YES;
				CLANG_WARN_COMMA = YES;
				CLANG_WARN_CONSTANT_CONVERSION = YES;
				CLANG_WARN_DEPRECATED_OBJC_IMPLEMENTATIONS = YES;
				CLANG_WARN_DIRECT_OBJC_ISA_USAGE = YES_ERROR;
				CLANG_WARN_DOCUMENTATION_COMMENTS = YES;
				CLANG_WARN_EMPTY_BODY = YES;
				CLANG_WARN_ENUM_CONVERSION = YES;
				CLANG_WARN_INFINITE_RECURSION = YES;
				CLANG_WARN_INT_CONVERSION = YES;
				CLANG_WARN_NON_LITERAL_NULL_CONVERSION = YES;
				CLANG_WARN_OBJC_IMPLICIT_RETAIN_SELF = YES;
				CLANG_WARN_OBJC_LITERAL_CONVERSION = YES;
				CLANG_WARN_OBJC_ROOT_CLASS = YES_ERROR;
				CLANG_WARN_QUOTED_INCLUDE_IN_FRAMEWORK_HEADER = YES;
				CLANG_WARN_RANGE_LOOP_ANALYSIS = YES;
				CLANG_WARN_STRICT_PROTOTYPES = YES;
				CLANG_WARN_SUSPICIOUS_MOVE = YES;
				CLANG_WARN_UNGUARDED_AVAILABILITY = YES_AGGRESSIVE;
				CLANG_WARN_UNREACHABLE_CODE = YES;
				CLANG_WARN__DUPLICATE_METHOD_MATCH = YES;
				COPY_PHASE_STRIP = NO;
				DEBUG_INFORMATION_FORMAT = "dwarf-with-dsym";
				ENABLE_NS_ASSERTIONS = NO;
				ENABLE_STRICT_OBJC_MSGSEND = YES;
				GCC_C_LANGUAGE_STANDARD = gnu11;
				GCC_NO_COMMON_BLOCKS = YES;
				GCC_WARN_64_TO_32_BIT_CONVERSION = YES;
				GCC_WARN_ABOUT_RETURN_TYPE = YES_ERROR;
				GCC_WARN_UNDECLARED_SELECTOR = YES;
				GCC_WARN_UNINITIALIZED_AUTOS = YES_AGGRESSIVE;
				GCC_WARN_UNUSED_FUNCTION = YES;
				GCC_WARN_UNUSED_VARIABLE = YES;
				IPHONEOS_DEPLOYMENT_TARGET = 16.4;
				MTL_ENABLE_DEBUG_INFO = NO;
				MTL_FAST_MATH = YES;
				SDKROOT = iphoneos;
				SWIFT_COMPILATION_MODE = wholemodule;
				SWIFT_OPTIMIZATION_LEVEL = "-O";
				VALIDATE_PRODUCT = YES;
			};
			name = Release;
		};
		EF1CCB6B2A9670F200EC4C03 /* Debug */ = {
			isa = XCBuildConfiguration;
			buildSettings = {
				ASSETCATALOG_COMPILER_APPICON_NAME = AppIcon;
				ASSETCATALOG_COMPILER_GLOBAL_ACCENT_COLOR_NAME = AccentColor;
				CODE_SIGN_STYLE = Automatic;
				CURRENT_PROJECT_VERSION = 1;
				DEVELOPMENT_TEAM = 75RG469FX3;
				GENERATE_INFOPLIST_FILE = YES;
				INFOPLIST_FILE = MovieApp/Info.plist;
				INFOPLIST_KEY_NSPhotoLibraryAddUsageDescription = "\"OKEY\"";
				INFOPLIST_KEY_UIApplicationSupportsIndirectInputEvents = YES;
				INFOPLIST_KEY_UILaunchStoryboardName = LaunchScreen;
				INFOPLIST_KEY_UISupportedInterfaceOrientations_iPad = "UIInterfaceOrientationPortrait UIInterfaceOrientationPortraitUpsideDown UIInterfaceOrientationLandscapeLeft UIInterfaceOrientationLandscapeRight";
				INFOPLIST_KEY_UISupportedInterfaceOrientations_iPhone = "UIInterfaceOrientationPortrait UIInterfaceOrientationLandscapeLeft UIInterfaceOrientationLandscapeRight";
				LD_RUNPATH_SEARCH_PATHS = (
					"$(inherited)",
					"@executable_path/Frameworks",
				);
				MARKETING_VERSION = 1.0;
				PRODUCT_BUNDLE_IDENTIFIER = com.HalilBkar.MovieApp;
				PRODUCT_NAME = "$(TARGET_NAME)";
				SWIFT_EMIT_LOC_STRINGS = YES;
				SWIFT_VERSION = 5.0;
				TARGETED_DEVICE_FAMILY = "1,2";
			};
			name = Debug;
		};
		EF1CCB6C2A9670F200EC4C03 /* Release */ = {
			isa = XCBuildConfiguration;
			buildSettings = {
				ASSETCATALOG_COMPILER_APPICON_NAME = AppIcon;
				ASSETCATALOG_COMPILER_GLOBAL_ACCENT_COLOR_NAME = AccentColor;
				CODE_SIGN_STYLE = Automatic;
				CURRENT_PROJECT_VERSION = 1;
				DEVELOPMENT_TEAM = 75RG469FX3;
				GENERATE_INFOPLIST_FILE = YES;
				INFOPLIST_FILE = MovieApp/Info.plist;
				INFOPLIST_KEY_NSPhotoLibraryAddUsageDescription = "\"OKEY\"";
				INFOPLIST_KEY_UIApplicationSupportsIndirectInputEvents = YES;
				INFOPLIST_KEY_UILaunchStoryboardName = LaunchScreen;
				INFOPLIST_KEY_UISupportedInterfaceOrientations_iPad = "UIInterfaceOrientationPortrait UIInterfaceOrientationPortraitUpsideDown UIInterfaceOrientationLandscapeLeft UIInterfaceOrientationLandscapeRight";
				INFOPLIST_KEY_UISupportedInterfaceOrientations_iPhone = "UIInterfaceOrientationPortrait UIInterfaceOrientationLandscapeLeft UIInterfaceOrientationLandscapeRight";
				LD_RUNPATH_SEARCH_PATHS = (
					"$(inherited)",
					"@executable_path/Frameworks",
				);
				MARKETING_VERSION = 1.0;
				PRODUCT_BUNDLE_IDENTIFIER = com.HalilBkar.MovieApp;
				PRODUCT_NAME = "$(TARGET_NAME)";
				SWIFT_EMIT_LOC_STRINGS = YES;
				SWIFT_VERSION = 5.0;
				TARGETED_DEVICE_FAMILY = "1,2";
			};
			name = Release;
		};
/* End XCBuildConfiguration section */

/* Begin XCConfigurationList section */
		EF1CCB512A9670F100EC4C03 /* Build configuration list for PBXProject "MovieApp" */ = {
			isa = XCConfigurationList;
			buildConfigurations = (
				EF1CCB682A9670F200EC4C03 /* Debug */,
				EF1CCB692A9670F200EC4C03 /* Release */,
			);
			defaultConfigurationIsVisible = 0;
			defaultConfigurationName = Release;
		};
		EF1CCB6A2A9670F200EC4C03 /* Build configuration list for PBXNativeTarget "MovieApp" */ = {
			isa = XCConfigurationList;
			buildConfigurations = (
				EF1CCB6B2A9670F200EC4C03 /* Debug */,
				EF1CCB6C2A9670F200EC4C03 /* Release */,
			);
			defaultConfigurationIsVisible = 0;
			defaultConfigurationName = Release;
		};
/* End XCConfigurationList section */

/* Begin XCRemoteSwiftPackageReference section */
		EF37BAE22A9B7AC700291E72 /* XCRemoteSwiftPackageReference "SDWebImage" */ = {
			isa = XCRemoteSwiftPackageReference;
			repositoryURL = "https://github.com/SDWebImage/SDWebImage.git";
			requirement = {
				kind = upToNextMajorVersion;
				minimumVersion = 5.0.0;
			};
		};
		EF7207C42A99012C00DFD466 /* XCRemoteSwiftPackageReference "firebase-ios-sdk" */ = {
			isa = XCRemoteSwiftPackageReference;
			repositoryURL = "https://github.com/firebase/firebase-ios-sdk.git";
			requirement = {
				kind = upToNextMajorVersion;
				minimumVersion = 10.0.0;
			};
		};
		EF7207CF2A99023A00DFD466 /* XCRemoteSwiftPackageReference "GoogleSignIn-iOS" */ = {
			isa = XCRemoteSwiftPackageReference;
			repositoryURL = "https://github.com/google/GoogleSignIn-iOS";
			requirement = {
				kind = upToNextMajorVersion;
				minimumVersion = 7.0.0;
			};
		};
		EFB1B5AD2AA1DD8A00606D9B /* XCRemoteSwiftPackageReference "realm-cocoa" */ = {
			isa = XCRemoteSwiftPackageReference;
			repositoryURL = "https://github.com/realm/realm-cocoa";
			requirement = {
				branch = master;
				kind = branch;
			};
		};
/* End XCRemoteSwiftPackageReference section */

/* Begin XCSwiftPackageProductDependency section */
		EF37BAE32A9B7AC700291E72 /* SDWebImage */ = {
			isa = XCSwiftPackageProductDependency;
			package = EF37BAE22A9B7AC700291E72 /* XCRemoteSwiftPackageReference "SDWebImage" */;
			productName = SDWebImage;
		};
		EF7207C52A99012C00DFD466 /* FirebaseAuth */ = {
			isa = XCSwiftPackageProductDependency;
			package = EF7207C42A99012C00DFD466 /* XCRemoteSwiftPackageReference "firebase-ios-sdk" */;
			productName = FirebaseAuth;
		};
		EF7207C72A99012C00DFD466 /* FirebaseDatabase */ = {
			isa = XCSwiftPackageProductDependency;
			package = EF7207C42A99012C00DFD466 /* XCRemoteSwiftPackageReference "firebase-ios-sdk" */;
			productName = FirebaseDatabase;
		};
		EF7207C92A99012C00DFD466 /* FirebaseFirestore */ = {
			isa = XCSwiftPackageProductDependency;
			package = EF7207C42A99012C00DFD466 /* XCRemoteSwiftPackageReference "firebase-ios-sdk" */;
			productName = FirebaseFirestore;
		};
		EF7207CB2A99012C00DFD466 /* FirebaseStorage */ = {
			isa = XCSwiftPackageProductDependency;
			package = EF7207C42A99012C00DFD466 /* XCRemoteSwiftPackageReference "firebase-ios-sdk" */;
			productName = FirebaseStorage;
		};
		EF7207D02A99023A00DFD466 /* GoogleSignIn */ = {
			isa = XCSwiftPackageProductDependency;
			package = EF7207CF2A99023A00DFD466 /* XCRemoteSwiftPackageReference "GoogleSignIn-iOS" */;
			productName = GoogleSignIn;
		};
		EF7207D22A99023A00DFD466 /* GoogleSignInSwift */ = {
			isa = XCSwiftPackageProductDependency;
			package = EF7207CF2A99023A00DFD466 /* XCRemoteSwiftPackageReference "GoogleSignIn-iOS" */;
			productName = GoogleSignInSwift;
		};
		EFB1B5AE2AA1DD8A00606D9B /* Realm */ = {
			isa = XCSwiftPackageProductDependency;
			package = EFB1B5AD2AA1DD8A00606D9B /* XCRemoteSwiftPackageReference "realm-cocoa" */;
			productName = Realm;
		};
		EFB1B5B02AA1DD8A00606D9B /* RealmSwift */ = {
			isa = XCSwiftPackageProductDependency;
			package = EFB1B5AD2AA1DD8A00606D9B /* XCRemoteSwiftPackageReference "realm-cocoa" */;
			productName = RealmSwift;
		};
/* End XCSwiftPackageProductDependency section */
	};
	rootObject = EF1CCB4E2A9670F100EC4C03 /* Project object */;
}
