// !$*UTF8*$!
{
	archiveVersion = 1;
	classes = {
	};
	objectVersion = 56;
	objects = {

/* Begin PBXBuildFile section */
		EF1CCB5A2A9670F100EC4C03 /* AppDelegate.swift in Sources */ = {isa = PBXBuildFile; fileRef = EF1CCB592A9670F100EC4C03 /* AppDelegate.swift */; };
		EF1CCB5C2A9670F100EC4C03 /* SceneDelegate.swift in Sources */ = {isa = PBXBuildFile; fileRef = EF1CCB5B2A9670F100EC4C03 /* SceneDelegate.swift */; };
		EF1CCB632A9670F200EC4C03 /* Assets.xcassets in Resources */ = {isa = PBXBuildFile; fileRef = EF1CCB622A9670F200EC4C03 /* Assets.xcassets */; };
		EF1CCB662A9670F200EC4C03 /* LaunchScreen.storyboard in Resources */ = {isa = PBXBuildFile; fileRef = EF1CCB642A9670F200EC4C03 /* LaunchScreen.storyboard */; };
		EF1CCB792A9672F900EC4C03 /* HomeViewController.swift in Sources */ = {isa = PBXBuildFile; fileRef = EF1CCB782A9672F900EC4C03 /* HomeViewController.swift */; };
		EF1CCB7B2A96739100EC4C03 /* HomeInteractor.swift in Sources */ = {isa = PBXBuildFile; fileRef = EF1CCB7A2A96739100EC4C03 /* HomeInteractor.swift */; };
		EF1CCB7D2A96739800EC4C03 /* HomePresenter.swift in Sources */ = {isa = PBXBuildFile; fileRef = EF1CCB7C2A96739800EC4C03 /* HomePresenter.swift */; };
		EF1CCB832A9673E200EC4C03 /* HomeRouter.swift in Sources */ = {isa = PBXBuildFile; fileRef = EF1CCB822A9673E200EC4C03 /* HomeRouter.swift */; };
		EF1CCB862A9682CF00EC4C03 /* +CGFloat.swift in Sources */ = {isa = PBXBuildFile; fileRef = EF1CCB852A9682CF00EC4C03 /* +CGFloat.swift */; };
		EF1CCB882A9682E800EC4C03 /* +Cells.swift in Sources */ = {isa = PBXBuildFile; fileRef = EF1CCB872A9682E800EC4C03 /* +Cells.swift */; };
		EF1CCB902A96841E00EC4C03 /* PreviewUIView.swift in Sources */ = {isa = PBXBuildFile; fileRef = EF1CCB8F2A96841E00EC4C03 /* PreviewUIView.swift */; };
		EF1CCB922A9686FD00EC4C03 /* TrendingUIView.swift in Sources */ = {isa = PBXBuildFile; fileRef = EF1CCB912A9686FD00EC4C03 /* TrendingUIView.swift */; };
		EF1CCB952A96894B00EC4C03 /* TrendingCollectionViewCell.swift in Sources */ = {isa = PBXBuildFile; fileRef = EF1CCB942A96894B00EC4C03 /* TrendingCollectionViewCell.swift */; };
		EF1CCB972A968EFF00EC4C03 /* TabBarController.swift in Sources */ = {isa = PBXBuildFile; fileRef = EF1CCB962A968EFF00EC4C03 /* TabBarController.swift */; };
		EF1CCBA02A96900E00EC4C03 /* MoviesViewController.swift in Sources */ = {isa = PBXBuildFile; fileRef = EF1CCB9F2A96900E00EC4C03 /* MoviesViewController.swift */; };
		EF1CCBA62A96903000EC4C03 /* ProfileViewController.swift in Sources */ = {isa = PBXBuildFile; fileRef = EF1CCBA52A96903000EC4C03 /* ProfileViewController.swift */; };
		EF1CCBA82A96907200EC4C03 /* MoviesInteractor.swift in Sources */ = {isa = PBXBuildFile; fileRef = EF1CCBA72A96907200EC4C03 /* MoviesInteractor.swift */; };
		EF1CCBAA2A96907E00EC4C03 /* MoviesPresenter.swift in Sources */ = {isa = PBXBuildFile; fileRef = EF1CCBA92A96907E00EC4C03 /* MoviesPresenter.swift */; };
		EF1CCBAC2A96908700EC4C03 /* MoviesRouter.swift in Sources */ = {isa = PBXBuildFile; fileRef = EF1CCBAB2A96908700EC4C03 /* MoviesRouter.swift */; };
		EF1CCBAE2A96909100EC4C03 /* ProfileInteractor.swift in Sources */ = {isa = PBXBuildFile; fileRef = EF1CCBAD2A96909100EC4C03 /* ProfileInteractor.swift */; };
		EF1CCBB02A96909D00EC4C03 /* ProfilePresenter.swift in Sources */ = {isa = PBXBuildFile; fileRef = EF1CCBAF2A96909D00EC4C03 /* ProfilePresenter.swift */; };
		EF1CCBB22A9690A700EC4C03 /* ProfileRouter.swift in Sources */ = {isa = PBXBuildFile; fileRef = EF1CCBB12A9690A700EC4C03 /* ProfileRouter.swift */; };
		EF1CCBBB2A98096100EC4C03 /* +TabBarController.swift in Sources */ = {isa = PBXBuildFile; fileRef = EF1CCBBA2A98096100EC4C03 /* +TabBarController.swift */; };
		EF1CCBBD2A98098F00EC4C03 /* EndPointProtocol.swift in Sources */ = {isa = PBXBuildFile; fileRef = EF1CCBBC2A98098F00EC4C03 /* EndPointProtocol.swift */; };
		EF1CCBBF2A9809AD00EC4C03 /* NetworkManager.swift in Sources */ = {isa = PBXBuildFile; fileRef = EF1CCBBE2A9809AD00EC4C03 /* NetworkManager.swift */; };
		EF1CCBC22A9809F600EC4C03 /* NetworkError.swift in Sources */ = {isa = PBXBuildFile; fileRef = EF1CCBC12A9809F600EC4C03 /* NetworkError.swift */; };
		EF1CCBC42A980A0900EC4C03 /* HTTPMethod.swift in Sources */ = {isa = PBXBuildFile; fileRef = EF1CCBC32A980A0900EC4C03 /* HTTPMethod.swift */; };
		EF1CCBC92A9814E700EC4C03 /* LoginRouter.swift in Sources */ = {isa = PBXBuildFile; fileRef = EF1CCBC82A9814E700EC4C03 /* LoginRouter.swift */; };
		EF1CCBCB2A9814F600EC4C03 /* LoginPresenter.swift in Sources */ = {isa = PBXBuildFile; fileRef = EF1CCBCA2A9814F600EC4C03 /* LoginPresenter.swift */; };
		EF1CCBCD2A98150400EC4C03 /* LoginInteractor.swift in Sources */ = {isa = PBXBuildFile; fileRef = EF1CCBCC2A98150400EC4C03 /* LoginInteractor.swift */; };
		EF1CCBD02A98151300EC4C03 /* LoginViewController.swift in Sources */ = {isa = PBXBuildFile; fileRef = EF1CCBCF2A98151300EC4C03 /* LoginViewController.swift */; };
		EF1CCBD62A98161200EC4C03 /* LoginUIView.swift in Sources */ = {isa = PBXBuildFile; fileRef = EF1CCBD52A98161200EC4C03 /* LoginUIView.swift */; };
		EF7207BB2A98EDA800DFD466 /* +TextField.swift in Sources */ = {isa = PBXBuildFile; fileRef = EF7207BA2A98EDA800DFD466 /* +TextField.swift */; };
		EF7207BD2A98FA8F00DFD466 /* TabBarInteractor.swift in Sources */ = {isa = PBXBuildFile; fileRef = EF7207BC2A98FA8F00DFD466 /* TabBarInteractor.swift */; };
		EF7207BF2A98FA9700DFD466 /* TabBarPresenter.swift in Sources */ = {isa = PBXBuildFile; fileRef = EF7207BE2A98FA9700DFD466 /* TabBarPresenter.swift */; };
		EF7207C12A98FAA000DFD466 /* TabBarRouter.swift in Sources */ = {isa = PBXBuildFile; fileRef = EF7207C02A98FAA000DFD466 /* TabBarRouter.swift */; };
		EF7207C32A9900A300DFD466 /* GoogleService-Info.plist in Resources */ = {isa = PBXBuildFile; fileRef = EF7207C22A9900A300DFD466 /* GoogleService-Info.plist */; };
		EF7207C62A99012C00DFD466 /* FirebaseAuth in Frameworks */ = {isa = PBXBuildFile; productRef = EF7207C52A99012C00DFD466 /* FirebaseAuth */; };
		EF7207C82A99012C00DFD466 /* FirebaseDatabase in Frameworks */ = {isa = PBXBuildFile; productRef = EF7207C72A99012C00DFD466 /* FirebaseDatabase */; };
		EF7207CA2A99012C00DFD466 /* FirebaseFirestore in Frameworks */ = {isa = PBXBuildFile; productRef = EF7207C92A99012C00DFD466 /* FirebaseFirestore */; };
		EF7207CC2A99012C00DFD466 /* FirebaseStorage in Frameworks */ = {isa = PBXBuildFile; productRef = EF7207CB2A99012C00DFD466 /* FirebaseStorage */; };
		EF7207CE2A99021700DFD466 /* AuthManager.swift in Sources */ = {isa = PBXBuildFile; fileRef = EF7207CD2A99021700DFD466 /* AuthManager.swift */; };
		EF7207D12A99023A00DFD466 /* GoogleSignIn in Frameworks */ = {isa = PBXBuildFile; productRef = EF7207D02A99023A00DFD466 /* GoogleSignIn */; };
		EF7207D32A99023A00DFD466 /* GoogleSignInSwift in Frameworks */ = {isa = PBXBuildFile; productRef = EF7207D22A99023A00DFD466 /* GoogleSignInSwift */; };
		EF7207D52A99025E00DFD466 /* FirebaseError.swift in Sources */ = {isa = PBXBuildFile; fileRef = EF7207D42A99025E00DFD466 /* FirebaseError.swift */; };
		EF7207D72A9902A600DFD466 /* GeneralError.swift in Sources */ = {isa = PBXBuildFile; fileRef = EF7207D62A9902A600DFD466 /* GeneralError.swift */; };
/* End PBXBuildFile section */

/* Begin PBXFileReference section */
		EF1CCB562A9670F100EC4C03 /* MovieApp.app */ = {isa = PBXFileReference; explicitFileType = wrapper.application; includeInIndex = 0; path = MovieApp.app; sourceTree = BUILT_PRODUCTS_DIR; };
		EF1CCB592A9670F100EC4C03 /* AppDelegate.swift */ = {isa = PBXFileReference; lastKnownFileType = sourcecode.swift; path = AppDelegate.swift; sourceTree = "<group>"; };
		EF1CCB5B2A9670F100EC4C03 /* SceneDelegate.swift */ = {isa = PBXFileReference; lastKnownFileType = sourcecode.swift; path = SceneDelegate.swift; sourceTree = "<group>"; };
		EF1CCB622A9670F200EC4C03 /* Assets.xcassets */ = {isa = PBXFileReference; lastKnownFileType = folder.assetcatalog; path = Assets.xcassets; sourceTree = "<group>"; };
		EF1CCB652A9670F200EC4C03 /* Base */ = {isa = PBXFileReference; lastKnownFileType = file.storyboard; name = Base; path = Base.lproj/LaunchScreen.storyboard; sourceTree = "<group>"; };
		EF1CCB672A9670F200EC4C03 /* Info.plist */ = {isa = PBXFileReference; lastKnownFileType = text.plist.xml; path = Info.plist; sourceTree = "<group>"; };
		EF1CCB782A9672F900EC4C03 /* HomeViewController.swift */ = {isa = PBXFileReference; lastKnownFileType = sourcecode.swift; path = HomeViewController.swift; sourceTree = "<group>"; };
		EF1CCB7A2A96739100EC4C03 /* HomeInteractor.swift */ = {isa = PBXFileReference; lastKnownFileType = sourcecode.swift; path = HomeInteractor.swift; sourceTree = "<group>"; };
		EF1CCB7C2A96739800EC4C03 /* HomePresenter.swift */ = {isa = PBXFileReference; lastKnownFileType = sourcecode.swift; path = HomePresenter.swift; sourceTree = "<group>"; };
		EF1CCB822A9673E200EC4C03 /* HomeRouter.swift */ = {isa = PBXFileReference; lastKnownFileType = sourcecode.swift; path = HomeRouter.swift; sourceTree = "<group>"; };
		EF1CCB852A9682CF00EC4C03 /* +CGFloat.swift */ = {isa = PBXFileReference; lastKnownFileType = sourcecode.swift; path = "+CGFloat.swift"; sourceTree = "<group>"; };
		EF1CCB872A9682E800EC4C03 /* +Cells.swift */ = {isa = PBXFileReference; lastKnownFileType = sourcecode.swift; path = "+Cells.swift"; sourceTree = "<group>"; };
		EF1CCB8F2A96841E00EC4C03 /* PreviewUIView.swift */ = {isa = PBXFileReference; lastKnownFileType = sourcecode.swift; path = PreviewUIView.swift; sourceTree = "<group>"; };
		EF1CCB912A9686FD00EC4C03 /* TrendingUIView.swift */ = {isa = PBXFileReference; lastKnownFileType = sourcecode.swift; path = TrendingUIView.swift; sourceTree = "<group>"; };
		EF1CCB942A96894B00EC4C03 /* TrendingCollectionViewCell.swift */ = {isa = PBXFileReference; lastKnownFileType = sourcecode.swift; path = TrendingCollectionViewCell.swift; sourceTree = "<group>"; };
		EF1CCB962A968EFF00EC4C03 /* TabBarController.swift */ = {isa = PBXFileReference; lastKnownFileType = sourcecode.swift; path = TabBarController.swift; sourceTree = "<group>"; };
		EF1CCB9F2A96900E00EC4C03 /* MoviesViewController.swift */ = {isa = PBXFileReference; lastKnownFileType = sourcecode.swift; path = MoviesViewController.swift; sourceTree = "<group>"; };
		EF1CCBA52A96903000EC4C03 /* ProfileViewController.swift */ = {isa = PBXFileReference; lastKnownFileType = sourcecode.swift; path = ProfileViewController.swift; sourceTree = "<group>"; };
		EF1CCBA72A96907200EC4C03 /* MoviesInteractor.swift */ = {isa = PBXFileReference; lastKnownFileType = sourcecode.swift; path = MoviesInteractor.swift; sourceTree = "<group>"; };
		EF1CCBA92A96907E00EC4C03 /* MoviesPresenter.swift */ = {isa = PBXFileReference; lastKnownFileType = sourcecode.swift; path = MoviesPresenter.swift; sourceTree = "<group>"; };
		EF1CCBAB2A96908700EC4C03 /* MoviesRouter.swift */ = {isa = PBXFileReference; lastKnownFileType = sourcecode.swift; path = MoviesRouter.swift; sourceTree = "<group>"; };
		EF1CCBAD2A96909100EC4C03 /* ProfileInteractor.swift */ = {isa = PBXFileReference; lastKnownFileType = sourcecode.swift; path = ProfileInteractor.swift; sourceTree = "<group>"; };
		EF1CCBAF2A96909D00EC4C03 /* ProfilePresenter.swift */ = {isa = PBXFileReference; lastKnownFileType = sourcecode.swift; path = ProfilePresenter.swift; sourceTree = "<group>"; };
		EF1CCBB12A9690A700EC4C03 /* ProfileRouter.swift */ = {isa = PBXFileReference; lastKnownFileType = sourcecode.swift; path = ProfileRouter.swift; sourceTree = "<group>"; };
		EF1CCBBA2A98096100EC4C03 /* +TabBarController.swift */ = {isa = PBXFileReference; lastKnownFileType = sourcecode.swift; path = "+TabBarController.swift"; sourceTree = "<group>"; };
		EF1CCBBC2A98098F00EC4C03 /* EndPointProtocol.swift */ = {isa = PBXFileReference; lastKnownFileType = sourcecode.swift; path = EndPointProtocol.swift; sourceTree = "<group>"; };
		EF1CCBBE2A9809AD00EC4C03 /* NetworkManager.swift */ = {isa = PBXFileReference; lastKnownFileType = sourcecode.swift; path = NetworkManager.swift; sourceTree = "<group>"; };
		EF1CCBC12A9809F600EC4C03 /* NetworkError.swift */ = {isa = PBXFileReference; lastKnownFileType = sourcecode.swift; path = NetworkError.swift; sourceTree = "<group>"; };
		EF1CCBC32A980A0900EC4C03 /* HTTPMethod.swift */ = {isa = PBXFileReference; lastKnownFileType = sourcecode.swift; path = HTTPMethod.swift; sourceTree = "<group>"; };
		EF1CCBC82A9814E700EC4C03 /* LoginRouter.swift */ = {isa = PBXFileReference; lastKnownFileType = sourcecode.swift; path = LoginRouter.swift; sourceTree = "<group>"; };
		EF1CCBCA2A9814F600EC4C03 /* LoginPresenter.swift */ = {isa = PBXFileReference; lastKnownFileType = sourcecode.swift; path = LoginPresenter.swift; sourceTree = "<group>"; };
		EF1CCBCC2A98150400EC4C03 /* LoginInteractor.swift */ = {isa = PBXFileReference; lastKnownFileType = sourcecode.swift; path = LoginInteractor.swift; sourceTree = "<group>"; };
		EF1CCBCF2A98151300EC4C03 /* LoginViewController.swift */ = {isa = PBXFileReference; lastKnownFileType = sourcecode.swift; path = LoginViewController.swift; sourceTree = "<group>"; };
		EF1CCBD52A98161200EC4C03 /* LoginUIView.swift */ = {isa = PBXFileReference; lastKnownFileType = sourcecode.swift; path = LoginUIView.swift; sourceTree = "<group>"; };
		EF7207BA2A98EDA800DFD466 /* +TextField.swift */ = {isa = PBXFileReference; lastKnownFileType = sourcecode.swift; path = "+TextField.swift"; sourceTree = "<group>"; };
		EF7207BC2A98FA8F00DFD466 /* TabBarInteractor.swift */ = {isa = PBXFileReference; lastKnownFileType = sourcecode.swift; path = TabBarInteractor.swift; sourceTree = "<group>"; };
		EF7207BE2A98FA9700DFD466 /* TabBarPresenter.swift */ = {isa = PBXFileReference; lastKnownFileType = sourcecode.swift; path = TabBarPresenter.swift; sourceTree = "<group>"; };
		EF7207C02A98FAA000DFD466 /* TabBarRouter.swift */ = {isa = PBXFileReference; lastKnownFileType = sourcecode.swift; path = TabBarRouter.swift; sourceTree = "<group>"; };
		EF7207C22A9900A300DFD466 /* GoogleService-Info.plist */ = {isa = PBXFileReference; fileEncoding = 4; lastKnownFileType = text.plist.xml; path = "GoogleService-Info.plist"; sourceTree = "<group>"; };
		EF7207CD2A99021700DFD466 /* AuthManager.swift */ = {isa = PBXFileReference; lastKnownFileType = sourcecode.swift; path = AuthManager.swift; sourceTree = "<group>"; };
		EF7207D42A99025E00DFD466 /* FirebaseError.swift */ = {isa = PBXFileReference; lastKnownFileType = sourcecode.swift; path = FirebaseError.swift; sourceTree = "<group>"; };
		EF7207D62A9902A600DFD466 /* GeneralError.swift */ = {isa = PBXFileReference; lastKnownFileType = sourcecode.swift; path = GeneralError.swift; sourceTree = "<group>"; };
/* End PBXFileReference section */

/* Begin PBXFrameworksBuildPhase section */
		EF1CCB532A9670F100EC4C03 /* Frameworks */ = {
			isa = PBXFrameworksBuildPhase;
			buildActionMask = 2147483647;
			files = (
				EF7207D12A99023A00DFD466 /* GoogleSignIn in Frameworks */,
				EF7207C82A99012C00DFD466 /* FirebaseDatabase in Frameworks */,
				EF7207CC2A99012C00DFD466 /* FirebaseStorage in Frameworks */,
				EF7207D32A99023A00DFD466 /* GoogleSignInSwift in Frameworks */,
				EF7207C62A99012C00DFD466 /* FirebaseAuth in Frameworks */,
				EF7207CA2A99012C00DFD466 /* FirebaseFirestore in Frameworks */,
			);
			runOnlyForDeploymentPostprocessing = 0;
		};
/* End PBXFrameworksBuildPhase section */

/* Begin PBXGroup section */
		EF1CCB4D2A9670F100EC4C03 = {
			isa = PBXGroup;
			children = (
				EF1CCB582A9670F100EC4C03 /* MovieApp */,
				EF1CCB572A9670F100EC4C03 /* Products */,
			);
			sourceTree = "<group>";
		};
		EF1CCB572A9670F100EC4C03 /* Products */ = {
			isa = PBXGroup;
			children = (
				EF1CCB562A9670F100EC4C03 /* MovieApp.app */,
			);
			name = Products;
			sourceTree = "<group>";
		};
		EF1CCB582A9670F100EC4C03 /* MovieApp */ = {
			isa = PBXGroup;
			children = (
				EF1CCBC02A9809DC00EC4C03 /* Entities */,
				EF1CCB982A968F2900EC4C03 /* TabBarController */,
				EF1CCB6F2A9671BB00EC4C03 /* Module */,
				EF1CCB6E2A9671AA00EC4C03 /* Manager */,
				EF1CCB712A9671FD00EC4C03 /* Utilities */,
				EF1CCBB32A969A4B00EC4C03 /* Core */,
				EF1CCB6D2A96719B00EC4C03 /* Resources */,
				EF1CCB672A9670F200EC4C03 /* Info.plist */,
				EF7207C22A9900A300DFD466 /* GoogleService-Info.plist */,
			);
			path = MovieApp;
			sourceTree = "<group>";
		};
		EF1CCB6D2A96719B00EC4C03 /* Resources */ = {
			isa = PBXGroup;
			children = (
				EF1CCB622A9670F200EC4C03 /* Assets.xcassets */,
				EF1CCB642A9670F200EC4C03 /* LaunchScreen.storyboard */,
			);
			path = Resources;
			sourceTree = "<group>";
		};
		EF1CCB6E2A9671AA00EC4C03 /* Manager */ = {
			isa = PBXGroup;
			children = (
				EF1CCBBE2A9809AD00EC4C03 /* NetworkManager.swift */,
				EF7207CD2A99021700DFD466 /* AuthManager.swift */,
			);
			path = Manager;
			sourceTree = "<group>";
		};
		EF1CCB6F2A9671BB00EC4C03 /* Module */ = {
			isa = PBXGroup;
			children = (
				EF1CCBC52A9814C000EC4C03 /* Login */,
				EF1CCB722A96720F00EC4C03 /* Home */,
				EF1CCB992A968FB900EC4C03 /* Movies */,
				EF1CCB9A2A968FC900EC4C03 /* Profile */,
			);
			path = Module;
			sourceTree = "<group>";
		};
		EF1CCB702A9671D700EC4C03 /* Extensions */ = {
			isa = PBXGroup;
			children = (
				EF1CCB852A9682CF00EC4C03 /* +CGFloat.swift */,
				EF1CCB872A9682E800EC4C03 /* +Cells.swift */,
				EF1CCBBA2A98096100EC4C03 /* +TabBarController.swift */,
				EF7207BA2A98EDA800DFD466 /* +TextField.swift */,
			);
			path = Extensions;
			sourceTree = "<group>";
		};
		EF1CCB712A9671FD00EC4C03 /* Utilities */ = {
			isa = PBXGroup;
			children = (
				EF1CCBB92A9808E800EC4C03 /* Helpers */,
				EF1CCBB82A9808E100EC4C03 /* Protocols */,
				EF1CCB702A9671D700EC4C03 /* Extensions */,
			);
			path = Utilities;
			sourceTree = "<group>";
		};
		EF1CCB722A96720F00EC4C03 /* Home */ = {
			isa = PBXGroup;
			children = (
				EF1CCB8E2A96840100EC4C03 /* Base */,
				EF1CCB842A96800700EC4C03 /* UICompannts */,
			);
			path = Home;
			sourceTree = "<group>";
		};
		EF1CCB842A96800700EC4C03 /* UICompannts */ = {
			isa = PBXGroup;
			children = (
				EF1CCBB42A969EF100EC4C03 /* CustomViews */,
				EF1CCB932A96892E00EC4C03 /* Cells */,
			);
			path = UICompannts;
			sourceTree = "<group>";
		};
		EF1CCB8E2A96840100EC4C03 /* Base */ = {
			isa = PBXGroup;
			children = (
				EF1CCB782A9672F900EC4C03 /* HomeViewController.swift */,
				EF1CCB7A2A96739100EC4C03 /* HomeInteractor.swift */,
				EF1CCB7C2A96739800EC4C03 /* HomePresenter.swift */,
				EF1CCB822A9673E200EC4C03 /* HomeRouter.swift */,
			);
			path = Base;
			sourceTree = "<group>";
		};
		EF1CCB932A96892E00EC4C03 /* Cells */ = {
			isa = PBXGroup;
			children = (
				EF1CCB942A96894B00EC4C03 /* TrendingCollectionViewCell.swift */,
			);
			path = Cells;
			sourceTree = "<group>";
		};
		EF1CCB982A968F2900EC4C03 /* TabBarController */ = {
			isa = PBXGroup;
			children = (
				EF1CCB962A968EFF00EC4C03 /* TabBarController.swift */,
				EF7207BC2A98FA8F00DFD466 /* TabBarInteractor.swift */,
				EF7207BE2A98FA9700DFD466 /* TabBarPresenter.swift */,
				EF7207C02A98FAA000DFD466 /* TabBarRouter.swift */,
			);
			path = TabBarController;
			sourceTree = "<group>";
		};
		EF1CCB992A968FB900EC4C03 /* Movies */ = {
			isa = PBXGroup;
			children = (
				EF1CCBB52A969F3C00EC4C03 /* Base */,
				EF1CCB9E2A968FF000EC4C03 /* UICompanents */,
			);
			path = Movies;
			sourceTree = "<group>";
		};
		EF1CCB9A2A968FC900EC4C03 /* Profile */ = {
			isa = PBXGroup;
			children = (
				EF1CCBA42A96902300EC4C03 /* Base */,
				EF1CCBA32A96901E00EC4C03 /* UICompanents */,
			);
			path = Profile;
			sourceTree = "<group>";
		};
		EF1CCB9E2A968FF000EC4C03 /* UICompanents */ = {
			isa = PBXGroup;
			children = (
				EF1CCBB62A969F6200EC4C03 /* CustomViews */,
				EF1CCBB72A969F6900EC4C03 /* Cells */,
			);
			path = UICompanents;
			sourceTree = "<group>";
		};
		EF1CCBA12A96901500EC4C03 /* Cells */ = {
			isa = PBXGroup;
			children = (
			);
			path = Cells;
			sourceTree = "<group>";
		};
		EF1CCBA22A96901900EC4C03 /* CustomViews */ = {
			isa = PBXGroup;
			children = (
				EF1CCBA12A96901500EC4C03 /* Cells */,
			);
			path = CustomViews;
			sourceTree = "<group>";
		};
		EF1CCBA32A96901E00EC4C03 /* UICompanents */ = {
			isa = PBXGroup;
			children = (
				EF1CCBA22A96901900EC4C03 /* CustomViews */,
			);
			path = UICompanents;
			sourceTree = "<group>";
		};
		EF1CCBA42A96902300EC4C03 /* Base */ = {
			isa = PBXGroup;
			children = (
				EF1CCBA52A96903000EC4C03 /* ProfileViewController.swift */,
				EF1CCBAD2A96909100EC4C03 /* ProfileInteractor.swift */,
				EF1CCBAF2A96909D00EC4C03 /* ProfilePresenter.swift */,
				EF1CCBB12A9690A700EC4C03 /* ProfileRouter.swift */,
			);
			path = Base;
			sourceTree = "<group>";
		};
		EF1CCBB32A969A4B00EC4C03 /* Core */ = {
			isa = PBXGroup;
			children = (
				EF1CCB5B2A9670F100EC4C03 /* SceneDelegate.swift */,
				EF1CCB592A9670F100EC4C03 /* AppDelegate.swift */,
			);
			path = Core;
			sourceTree = "<group>";
		};
		EF1CCBB42A969EF100EC4C03 /* CustomViews */ = {
			isa = PBXGroup;
			children = (
				EF1CCB8F2A96841E00EC4C03 /* PreviewUIView.swift */,
				EF1CCB912A9686FD00EC4C03 /* TrendingUIView.swift */,
			);
			path = CustomViews;
			sourceTree = "<group>";
		};
		EF1CCBB52A969F3C00EC4C03 /* Base */ = {
			isa = PBXGroup;
			children = (
				EF1CCB9F2A96900E00EC4C03 /* MoviesViewController.swift */,
				EF1CCBA72A96907200EC4C03 /* MoviesInteractor.swift */,
				EF1CCBA92A96907E00EC4C03 /* MoviesPresenter.swift */,
				EF1CCBAB2A96908700EC4C03 /* MoviesRouter.swift */,
			);
			path = Base;
			sourceTree = "<group>";
		};
		EF1CCBB62A969F6200EC4C03 /* CustomViews */ = {
			isa = PBXGroup;
			children = (
			);
			path = CustomViews;
			sourceTree = "<group>";
		};
		EF1CCBB72A969F6900EC4C03 /* Cells */ = {
			isa = PBXGroup;
			children = (
			);
			path = Cells;
			sourceTree = "<group>";
		};
		EF1CCBB82A9808E100EC4C03 /* Protocols */ = {
			isa = PBXGroup;
			children = (
				EF1CCBBC2A98098F00EC4C03 /* EndPointProtocol.swift */,
			);
			path = Protocols;
			sourceTree = "<group>";
		};
		EF1CCBB92A9808E800EC4C03 /* Helpers */ = {
			isa = PBXGroup;
			children = (
			);
			path = Helpers;
			sourceTree = "<group>";
		};
		EF1CCBC02A9809DC00EC4C03 /* Entities */ = {
			isa = PBXGroup;
			children = (
				EF1CCBC12A9809F600EC4C03 /* NetworkError.swift */,
				EF1CCBC32A980A0900EC4C03 /* HTTPMethod.swift */,
				EF7207D42A99025E00DFD466 /* FirebaseError.swift */,
				EF7207D62A9902A600DFD466 /* GeneralError.swift */,
			);
			path = Entities;
			sourceTree = "<group>";
		};
		EF1CCBC52A9814C000EC4C03 /* Login */ = {
			isa = PBXGroup;
			children = (
				EF1CCBC72A9814CD00EC4C03 /* Base */,
				EF1CCBC62A9814C600EC4C03 /* UICompanents */,
			);
			path = Login;
			sourceTree = "<group>";
		};
		EF1CCBC62A9814C600EC4C03 /* UICompanents */ = {
			isa = PBXGroup;
			children = (
				EF1CCBD52A98161200EC4C03 /* LoginUIView.swift */,
			);
			path = UICompanents;
			sourceTree = "<group>";
		};
		EF1CCBC72A9814CD00EC4C03 /* Base */ = {
			isa = PBXGroup;
			children = (
				EF1CCBCF2A98151300EC4C03 /* LoginViewController.swift */,
				EF1CCBCC2A98150400EC4C03 /* LoginInteractor.swift */,
				EF1CCBCA2A9814F600EC4C03 /* LoginPresenter.swift */,
				EF1CCBC82A9814E700EC4C03 /* LoginRouter.swift */,
			);
			path = Base;
			sourceTree = "<group>";
		};
/* End PBXGroup section */

/* Begin PBXNativeTarget section */
		EF1CCB552A9670F100EC4C03 /* MovieApp */ = {
			isa = PBXNativeTarget;
			buildConfigurationList = EF1CCB6A2A9670F200EC4C03 /* Build configuration list for PBXNativeTarget "MovieApp" */;
			buildPhases = (
				EF1CCB522A9670F100EC4C03 /* Sources */,
				EF1CCB532A9670F100EC4C03 /* Frameworks */,
				EF1CCB542A9670F100EC4C03 /* Resources */,
			);
			buildRules = (
			);
			dependencies = (
			);
			name = MovieApp;
			packageProductDependencies = (
				EF7207C52A99012C00DFD466 /* FirebaseAuth */,
				EF7207C72A99012C00DFD466 /* FirebaseDatabase */,
				EF7207C92A99012C00DFD466 /* FirebaseFirestore */,
				EF7207CB2A99012C00DFD466 /* FirebaseStorage */,
				EF7207D02A99023A00DFD466 /* GoogleSignIn */,
				EF7207D22A99023A00DFD466 /* GoogleSignInSwift */,
			);
			productName = MovieApp;
			productReference = EF1CCB562A9670F100EC4C03 /* MovieApp.app */;
			productType = "com.apple.product-type.application";
		};
/* End PBXNativeTarget section */

/* Begin PBXProject section */
		EF1CCB4E2A9670F100EC4C03 /* Project object */ = {
			isa = PBXProject;
			attributes = {
				BuildIndependentTargetsInParallel = 1;
				LastSwiftUpdateCheck = 1430;
				LastUpgradeCheck = 1430;
				TargetAttributes = {
					EF1CCB552A9670F100EC4C03 = {
						CreatedOnToolsVersion = 14.3.1;
					};
				};
			};
			buildConfigurationList = EF1CCB512A9670F100EC4C03 /* Build configuration list for PBXProject "MovieApp" */;
			compatibilityVersion = "Xcode 14.0";
			developmentRegion = en;
			hasScannedForEncodings = 0;
			knownRegions = (
				en,
				Base,
			);
			mainGroup = EF1CCB4D2A9670F100EC4C03;
			packageReferences = (
				EF7207C42A99012C00DFD466 /* XCRemoteSwiftPackageReference "firebase-ios-sdk" */,
				EF7207CF2A99023A00DFD466 /* XCRemoteSwiftPackageReference "GoogleSignIn-iOS" */,
			);
			productRefGroup = EF1CCB572A9670F100EC4C03 /* Products */;
			projectDirPath = "";
			projectRoot = "";
			targets = (
				EF1CCB552A9670F100EC4C03 /* MovieApp */,
			);
		};
/* End PBXProject section */

/* Begin PBXResourcesBuildPhase section */
		EF1CCB542A9670F100EC4C03 /* Resources */ = {
			isa = PBXResourcesBuildPhase;
			buildActionMask = 2147483647;
			files = (
				EF1CCB662A9670F200EC4C03 /* LaunchScreen.storyboard in Resources */,
				EF1CCB632A9670F200EC4C03 /* Assets.xcassets in Resources */,
				EF7207C32A9900A300DFD466 /* GoogleService-Info.plist in Resources */,
			);
			runOnlyForDeploymentPostprocessing = 0;
		};
/* End PBXResourcesBuildPhase section */

/* Begin PBXSourcesBuildPhase section */
		EF1CCB522A9670F100EC4C03 /* Sources */ = {
			isa = PBXSourcesBuildPhase;
			buildActionMask = 2147483647;
			files = (
				EF7207C12A98FAA000DFD466 /* TabBarRouter.swift in Sources */,
				EF1CCBD62A98161200EC4C03 /* LoginUIView.swift in Sources */,
				EF1CCBBF2A9809AD00EC4C03 /* NetworkManager.swift in Sources */,
				EF1CCB5A2A9670F100EC4C03 /* AppDelegate.swift in Sources */,
				EF1CCB972A968EFF00EC4C03 /* TabBarController.swift in Sources */,
				EF1CCB832A9673E200EC4C03 /* HomeRouter.swift in Sources */,
				EF1CCB5C2A9670F100EC4C03 /* SceneDelegate.swift in Sources */,
				EF1CCBD02A98151300EC4C03 /* LoginViewController.swift in Sources */,
				EF1CCBB22A9690A700EC4C03 /* ProfileRouter.swift in Sources */,
				EF7207D52A99025E00DFD466 /* FirebaseError.swift in Sources */,
				EF7207D72A9902A600DFD466 /* GeneralError.swift in Sources */,
				EF1CCBBB2A98096100EC4C03 /* +TabBarController.swift in Sources */,
				EF1CCBA62A96903000EC4C03 /* ProfileViewController.swift in Sources */,
				EF1CCBC42A980A0900EC4C03 /* HTTPMethod.swift in Sources */,
				EF1CCB792A9672F900EC4C03 /* HomeViewController.swift in Sources */,
				EF1CCBC22A9809F600EC4C03 /* NetworkError.swift in Sources */,
				EF1CCB7D2A96739800EC4C03 /* HomePresenter.swift in Sources */,
				EF1CCBCB2A9814F600EC4C03 /* LoginPresenter.swift in Sources */,
				EF1CCB922A9686FD00EC4C03 /* TrendingUIView.swift in Sources */,
				EF1CCB882A9682E800EC4C03 /* +Cells.swift in Sources */,
				EF1CCBA02A96900E00EC4C03 /* MoviesViewController.swift in Sources */,
				EF1CCBCD2A98150400EC4C03 /* LoginInteractor.swift in Sources */,
				EF1CCBBD2A98098F00EC4C03 /* EndPointProtocol.swift in Sources */,
				EF1CCBA82A96907200EC4C03 /* MoviesInteractor.swift in Sources */,
				EF1CCBB02A96909D00EC4C03 /* ProfilePresenter.swift in Sources */,
				EF7207BB2A98EDA800DFD466 /* +TextField.swift in Sources */,
				EF1CCBAA2A96907E00EC4C03 /* MoviesPresenter.swift in Sources */,
				EF7207BD2A98FA8F00DFD466 /* TabBarInteractor.swift in Sources */,
				EF1CCB862A9682CF00EC4C03 /* +CGFloat.swift in Sources */,
				EF7207BF2A98FA9700DFD466 /* TabBarPresenter.swift in Sources */,
				EF1CCB952A96894B00EC4C03 /* TrendingCollectionViewCell.swift in Sources */,
				EF7207CE2A99021700DFD466 /* AuthManager.swift in Sources */,
				EF1CCB7B2A96739100EC4C03 /* HomeInteractor.swift in Sources */,
				EF1CCB902A96841E00EC4C03 /* PreviewUIView.swift in Sources */,
				EF1CCBAE2A96909100EC4C03 /* ProfileInteractor.swift in Sources */,
				EF1CCBC92A9814E700EC4C03 /* LoginRouter.swift in Sources */,
				EF1CCBAC2A96908700EC4C03 /* MoviesRouter.swift in Sources */,
			);
			runOnlyForDeploymentPostprocessing = 0;
		};
/* End PBXSourcesBuildPhase section */

/* Begin PBXVariantGroup section */
		EF1CCB642A9670F200EC4C03 /* LaunchScreen.storyboard */ = {
			isa = PBXVariantGroup;
			children = (
				EF1CCB652A9670F200EC4C03 /* Base */,
			);
			name = LaunchScreen.storyboard;
			sourceTree = "<group>";
		};
/* End PBXVariantGroup section */

/* Begin XCBuildConfiguration section */
		EF1CCB682A9670F200EC4C03 /* Debug */ = {
			isa = XCBuildConfiguration;
			buildSettings = {
				ALWAYS_SEARCH_USER_PATHS = NO;
				CLANG_ANALYZER_NONNULL = YES;
				CLANG_ANALYZER_NUMBER_OBJECT_CONVERSION = YES_AGGRESSIVE;
				CLANG_CXX_LANGUAGE_STANDARD = "gnu++20";
				CLANG_ENABLE_MODULES = YES;
				CLANG_ENABLE_OBJC_ARC = YES;
				CLANG_ENABLE_OBJC_WEAK = YES;
				CLANG_WARN_BLOCK_CAPTURE_AUTORELEASING = YES;
				CLANG_WARN_BOOL_CONVERSION = YES;
				CLANG_WARN_COMMA = YES;
				CLANG_WARN_CONSTANT_CONVERSION = YES;
				CLANG_WARN_DEPRECATED_OBJC_IMPLEMENTATIONS = YES;
				CLANG_WARN_DIRECT_OBJC_ISA_USAGE = YES_ERROR;
				CLANG_WARN_DOCUMENTATION_COMMENTS = YES;
				CLANG_WARN_EMPTY_BODY = YES;
				CLANG_WARN_ENUM_CONVERSION = YES;
				CLANG_WARN_INFINITE_RECURSION = YES;
				CLANG_WARN_INT_CONVERSION = YES;
				CLANG_WARN_NON_LITERAL_NULL_CONVERSION = YES;
				CLANG_WARN_OBJC_IMPLICIT_RETAIN_SELF = YES;
				CLANG_WARN_OBJC_LITERAL_CONVERSION = YES;
				CLANG_WARN_OBJC_ROOT_CLASS = YES_ERROR;
				CLANG_WARN_QUOTED_INCLUDE_IN_FRAMEWORK_HEADER = YES;
				CLANG_WARN_RANGE_LOOP_ANALYSIS = YES;
				CLANG_WARN_STRICT_PROTOTYPES = YES;
				CLANG_WARN_SUSPICIOUS_MOVE = YES;
				CLANG_WARN_UNGUARDED_AVAILABILITY = YES_AGGRESSIVE;
				CLANG_WARN_UNREACHABLE_CODE = YES;
				CLANG_WARN__DUPLICATE_METHOD_MATCH = YES;
				COPY_PHASE_STRIP = NO;
				DEBUG_INFORMATION_FORMAT = dwarf;
				ENABLE_STRICT_OBJC_MSGSEND = YES;
				ENABLE_TESTABILITY = YES;
				GCC_C_LANGUAGE_STANDARD = gnu11;
				GCC_DYNAMIC_NO_PIC = NO;
				GCC_NO_COMMON_BLOCKS = YES;
				GCC_OPTIMIZATION_LEVEL = 0;
				GCC_PREPROCESSOR_DEFINITIONS = (
					"DEBUG=1",
					"$(inherited)",
				);
				GCC_WARN_64_TO_32_BIT_CONVERSION = YES;
				GCC_WARN_ABOUT_RETURN_TYPE = YES_ERROR;
				GCC_WARN_UNDECLARED_SELECTOR = YES;
				GCC_WARN_UNINITIALIZED_AUTOS = YES_AGGRESSIVE;
				GCC_WARN_UNUSED_FUNCTION = YES;
				GCC_WARN_UNUSED_VARIABLE = YES;
				IPHONEOS_DEPLOYMENT_TARGET = 16.4;
				MTL_ENABLE_DEBUG_INFO = INCLUDE_SOURCE;
				MTL_FAST_MATH = YES;
				ONLY_ACTIVE_ARCH = YES;
				SDKROOT = iphoneos;
				SWIFT_ACTIVE_COMPILATION_CONDITIONS = DEBUG;
				SWIFT_OPTIMIZATION_LEVEL = "-Onone";
			};
			name = Debug;
		};
		EF1CCB692A9670F200EC4C03 /* Release */ = {
			isa = XCBuildConfiguration;
			buildSettings = {
				ALWAYS_SEARCH_USER_PATHS = NO;
				CLANG_ANALYZER_NONNULL = YES;
				CLANG_ANALYZER_NUMBER_OBJECT_CONVERSION = YES_AGGRESSIVE;
				CLANG_CXX_LANGUAGE_STANDARD = "gnu++20";
				CLANG_ENABLE_MODULES = YES;
				CLANG_ENABLE_OBJC_ARC = YES;
				CLANG_ENABLE_OBJC_WEAK = YES;
				CLANG_WARN_BLOCK_CAPTURE_AUTORELEASING = YES;
				CLANG_WARN_BOOL_CONVERSION = YES;
				CLANG_WARN_COMMA = YES;
				CLANG_WARN_CONSTANT_CONVERSION = YES;
				CLANG_WARN_DEPRECATED_OBJC_IMPLEMENTATIONS = YES;
				CLANG_WARN_DIRECT_OBJC_ISA_USAGE = YES_ERROR;
				CLANG_WARN_DOCUMENTATION_COMMENTS = YES;
				CLANG_WARN_EMPTY_BODY = YES;
				CLANG_WARN_ENUM_CONVERSION = YES;
				CLANG_WARN_INFINITE_RECURSION = YES;
				CLANG_WARN_INT_CONVERSION = YES;
				CLANG_WARN_NON_LITERAL_NULL_CONVERSION = YES;
				CLANG_WARN_OBJC_IMPLICIT_RETAIN_SELF = YES;
				CLANG_WARN_OBJC_LITERAL_CONVERSION = YES;
				CLANG_WARN_OBJC_ROOT_CLASS = YES_ERROR;
				CLANG_WARN_QUOTED_INCLUDE_IN_FRAMEWORK_HEADER = YES;
				CLANG_WARN_RANGE_LOOP_ANALYSIS = YES;
				CLANG_WARN_STRICT_PROTOTYPES = YES;
				CLANG_WARN_SUSPICIOUS_MOVE = YES;
				CLANG_WARN_UNGUARDED_AVAILABILITY = YES_AGGRESSIVE;
				CLANG_WARN_UNREACHABLE_CODE = YES;
				CLANG_WARN__DUPLICATE_METHOD_MATCH = YES;
				COPY_PHASE_STRIP = NO;
				DEBUG_INFORMATION_FORMAT = "dwarf-with-dsym";
				ENABLE_NS_ASSERTIONS = NO;
				ENABLE_STRICT_OBJC_MSGSEND = YES;
				GCC_C_LANGUAGE_STANDARD = gnu11;
				GCC_NO_COMMON_BLOCKS = YES;
				GCC_WARN_64_TO_32_BIT_CONVERSION = YES;
				GCC_WARN_ABOUT_RETURN_TYPE = YES_ERROR;
				GCC_WARN_UNDECLARED_SELECTOR = YES;
				GCC_WARN_UNINITIALIZED_AUTOS = YES_AGGRESSIVE;
				GCC_WARN_UNUSED_FUNCTION = YES;
				GCC_WARN_UNUSED_VARIABLE = YES;
				IPHONEOS_DEPLOYMENT_TARGET = 16.4;
				MTL_ENABLE_DEBUG_INFO = NO;
				MTL_FAST_MATH = YES;
				SDKROOT = iphoneos;
				SWIFT_COMPILATION_MODE = wholemodule;
				SWIFT_OPTIMIZATION_LEVEL = "-O";
				VALIDATE_PRODUCT = YES;
			};
			name = Release;
		};
		EF1CCB6B2A9670F200EC4C03 /* Debug */ = {
			isa = XCBuildConfiguration;
			buildSettings = {
				ASSETCATALOG_COMPILER_APPICON_NAME = AppIcon;
				ASSETCATALOG_COMPILER_GLOBAL_ACCENT_COLOR_NAME = AccentColor;
				CODE_SIGN_STYLE = Automatic;
				CURRENT_PROJECT_VERSION = 1;
				DEVELOPMENT_TEAM = 75RG469FX3;
				GENERATE_INFOPLIST_FILE = YES;
				INFOPLIST_FILE = MovieApp/Info.plist;
				INFOPLIST_KEY_UIApplicationSupportsIndirectInputEvents = YES;
				INFOPLIST_KEY_UILaunchStoryboardName = LaunchScreen;
				INFOPLIST_KEY_UISupportedInterfaceOrientations_iPad = "UIInterfaceOrientationPortrait UIInterfaceOrientationPortraitUpsideDown UIInterfaceOrientationLandscapeLeft UIInterfaceOrientationLandscapeRight";
				INFOPLIST_KEY_UISupportedInterfaceOrientations_iPhone = "UIInterfaceOrientationPortrait UIInterfaceOrientationLandscapeLeft UIInterfaceOrientationLandscapeRight";
				LD_RUNPATH_SEARCH_PATHS = (
					"$(inherited)",
					"@executable_path/Frameworks",
				);
				MARKETING_VERSION = 1.0;
				PRODUCT_BUNDLE_IDENTIFIER = com.HalilBkar.MovieApp;
				PRODUCT_NAME = "$(TARGET_NAME)";
				SWIFT_EMIT_LOC_STRINGS = YES;
				SWIFT_VERSION = 5.0;
				TARGETED_DEVICE_FAMILY = "1,2";
			};
			name = Debug;
		};
		EF1CCB6C2A9670F200EC4C03 /* Release */ = {
			isa = XCBuildConfiguration;
			buildSettings = {
				ASSETCATALOG_COMPILER_APPICON_NAME = AppIcon;
				ASSETCATALOG_COMPILER_GLOBAL_ACCENT_COLOR_NAME = AccentColor;
				CODE_SIGN_STYLE = Automatic;
				CURRENT_PROJECT_VERSION = 1;
				DEVELOPMENT_TEAM = 75RG469FX3;
				GENERATE_INFOPLIST_FILE = YES;
				INFOPLIST_FILE = MovieApp/Info.plist;
				INFOPLIST_KEY_UIApplicationSupportsIndirectInputEvents = YES;
				INFOPLIST_KEY_UILaunchStoryboardName = LaunchScreen;
				INFOPLIST_KEY_UISupportedInterfaceOrientations_iPad = "UIInterfaceOrientationPortrait UIInterfaceOrientationPortraitUpsideDown UIInterfaceOrientationLandscapeLeft UIInterfaceOrientationLandscapeRight";
				INFOPLIST_KEY_UISupportedInterfaceOrientations_iPhone = "UIInterfaceOrientationPortrait UIInterfaceOrientationLandscapeLeft UIInterfaceOrientationLandscapeRight";
				LD_RUNPATH_SEARCH_PATHS = (
					"$(inherited)",
					"@executable_path/Frameworks",
				);
				MARKETING_VERSION = 1.0;
				PRODUCT_BUNDLE_IDENTIFIER = com.HalilBkar.MovieApp;
				PRODUCT_NAME = "$(TARGET_NAME)";
				SWIFT_EMIT_LOC_STRINGS = YES;
				SWIFT_VERSION = 5.0;
				TARGETED_DEVICE_FAMILY = "1,2";
			};
			name = Release;
		};
/* End XCBuildConfiguration section */

/* Begin XCConfigurationList section */
		EF1CCB512A9670F100EC4C03 /* Build configuration list for PBXProject "MovieApp" */ = {
			isa = XCConfigurationList;
			buildConfigurations = (
				EF1CCB682A9670F200EC4C03 /* Debug */,
				EF1CCB692A9670F200EC4C03 /* Release */,
			);
			defaultConfigurationIsVisible = 0;
			defaultConfigurationName = Release;
		};
		EF1CCB6A2A9670F200EC4C03 /* Build configuration list for PBXNativeTarget "MovieApp" */ = {
			isa = XCConfigurationList;
			buildConfigurations = (
				EF1CCB6B2A9670F200EC4C03 /* Debug */,
				EF1CCB6C2A9670F200EC4C03 /* Release */,
			);
			defaultConfigurationIsVisible = 0;
			defaultConfigurationName = Release;
		};
/* End XCConfigurationList section */

/* Begin XCRemoteSwiftPackageReference section */
		EF7207C42A99012C00DFD466 /* XCRemoteSwiftPackageReference "firebase-ios-sdk" */ = {
			isa = XCRemoteSwiftPackageReference;
			repositoryURL = "https://github.com/firebase/firebase-ios-sdk.git";
			requirement = {
				kind = upToNextMajorVersion;
				minimumVersion = 10.0.0;
			};
		};
		EF7207CF2A99023A00DFD466 /* XCRemoteSwiftPackageReference "GoogleSignIn-iOS" */ = {
			isa = XCRemoteSwiftPackageReference;
			repositoryURL = "https://github.com/google/GoogleSignIn-iOS";
			requirement = {
				kind = upToNextMajorVersion;
				minimumVersion = 7.0.0;
			};
		};
/* End XCRemoteSwiftPackageReference section */

/* Begin XCSwiftPackageProductDependency section */
		EF7207C52A99012C00DFD466 /* FirebaseAuth */ = {
			isa = XCSwiftPackageProductDependency;
			package = EF7207C42A99012C00DFD466 /* XCRemoteSwiftPackageReference "firebase-ios-sdk" */;
			productName = FirebaseAuth;
		};
		EF7207C72A99012C00DFD466 /* FirebaseDatabase */ = {
			isa = XCSwiftPackageProductDependency;
			package = EF7207C42A99012C00DFD466 /* XCRemoteSwiftPackageReference "firebase-ios-sdk" */;
			productName = FirebaseDatabase;
		};
		EF7207C92A99012C00DFD466 /* FirebaseFirestore */ = {
			isa = XCSwiftPackageProductDependency;
			package = EF7207C42A99012C00DFD466 /* XCRemoteSwiftPackageReference "firebase-ios-sdk" */;
			productName = FirebaseFirestore;
		};
		EF7207CB2A99012C00DFD466 /* FirebaseStorage */ = {
			isa = XCSwiftPackageProductDependency;
			package = EF7207C42A99012C00DFD466 /* XCRemoteSwiftPackageReference "firebase-ios-sdk" */;
			productName = FirebaseStorage;
		};
		EF7207D02A99023A00DFD466 /* GoogleSignIn */ = {
			isa = XCSwiftPackageProductDependency;
			package = EF7207CF2A99023A00DFD466 /* XCRemoteSwiftPackageReference "GoogleSignIn-iOS" */;
			productName = GoogleSignIn;
		};
		EF7207D22A99023A00DFD466 /* GoogleSignInSwift */ = {
			isa = XCSwiftPackageProductDependency;
			package = EF7207CF2A99023A00DFD466 /* XCRemoteSwiftPackageReference "GoogleSignIn-iOS" */;
			productName = GoogleSignInSwift;
		};
/* End XCSwiftPackageProductDependency section */
	};
	rootObject = EF1CCB4E2A9670F100EC4C03 /* Project object */;
}
